# THIS IS AN AUTOGENERATED FILE. DO NOT EDIT THIS FILE DIRECTLY.
# yarn lockfile v1


"@_sh/ckeditor5-font-with-picker@^0.0.1":
  version "0.0.1"
  resolved "https://registry.yarnpkg.com/@_sh/ckeditor5-font-with-picker/-/ckeditor5-font-with-picker-0.0.1.tgz#b028ee569e16f9c12c24ca34de5a67c648345f88"
  integrity sha512-fTz1ic2uqOsZ4FencXYtGf9WA1bD4EAXiINOXBJrmYe2LPDXHIi9g0Ppwwd/BxqNHqI/NohpSdwcr6k3uSzkbg==
  dependencies:
    ckeditor5 ">=35.4.0"

"@ckeditor/ckeditor5-alignment@^37.1.0":
  version "37.1.0"
  resolved "https://registry.yarnpkg.com/@ckeditor/ckeditor5-alignment/-/ckeditor5-alignment-37.1.0.tgz#65588f068f6b2f9945b07ad609cac956ee99d643"
  integrity sha512-VIlkssFj5Ajo6nClDnx7eWDgIkhFUMsNeR7o0xB7gfgqeLmBNKQvNr0oIRI8RQxG0/VWogWKJ68PBZ4Y22uIag==
  dependencies:
    ckeditor5 "^37.1.0"

"@ckeditor/ckeditor5-autoformat@^37.1.0":
  version "37.1.0"
  resolved "https://registry.yarnpkg.com/@ckeditor/ckeditor5-autoformat/-/ckeditor5-autoformat-37.1.0.tgz#a4bfc9435388bb071a6bff019c8cfa961664234c"
  integrity sha512-wZSuqsD6oz06fbE2zCn8PUDyax5YUDWFnB/26piLBu0HteRYFXJtIq6s2vA+zBbFfR3FL7362t+DP9VEHGigtw==
  dependencies:
    ckeditor5 "^37.1.0"

"@ckeditor/ckeditor5-autosave@^37.1.0":
  version "37.1.0"
  resolved "https://registry.yarnpkg.com/@ckeditor/ckeditor5-autosave/-/ckeditor5-autosave-37.1.0.tgz#8426107b04c17b44d7d57afc8060aa29c9b60183"
  integrity sha512-AlNSza+UGfYq24az2PpFaFg+JjfSvdmhEtU7q5fIj7ZKRdtZKMHfqR6zPKLY4pK8doRizZcx+iLViaJArXsEsQ==
  dependencies:
    ckeditor5 "^37.1.0"
    lodash-es "^4.17.15"

"@ckeditor/ckeditor5-basic-styles@^37.1.0":
  version "37.1.0"
  resolved "https://registry.yarnpkg.com/@ckeditor/ckeditor5-basic-styles/-/ckeditor5-basic-styles-37.1.0.tgz#d79a8dcf1b21b02bd29f17c6624fce5f627f671e"
  integrity sha512-AwCiVsq5Wh0tBOPLOV0NADnZRNw210h1/xTzsO2U8TGBcbVJ4ukU07OMSvkOhi7jrA4wLZI7R+XmhZR0vsUGkA==
  dependencies:
    ckeditor5 "^37.1.0"

"@ckeditor/ckeditor5-block-quote@^37.1.0":
  version "37.1.0"
  resolved "https://registry.yarnpkg.com/@ckeditor/ckeditor5-block-quote/-/ckeditor5-block-quote-37.1.0.tgz#5410892be4919edb1fa4dc26bdb4ea44ca38a3cd"
  integrity sha512-975XXg4YzJ857UF7dPujGxIkyvVfU6m4/QTCKU5j2SbrTqPKCQ59PLOOgyy1qC76D/uyqV1+V+beGairUrmA1A==
  dependencies:
    ckeditor5 "^37.1.0"

"@ckeditor/ckeditor5-clipboard@^36.0.0":
  version "36.0.0"
  resolved "https://registry.yarnpkg.com/@ckeditor/ckeditor5-clipboard/-/ckeditor5-clipboard-36.0.0.tgz#473428a11e877a1bb4a0341435503b5f1748d529"
  integrity sha512-AnxSQQEDsXlHMwEQumbIF9GgBNZzyBafKiHhn90UqAMFF4f8Uk+cmxayf/c4FVTXqTlmh2NpgAVE/BxyJQNSZQ==
  dependencies:
    "@ckeditor/ckeditor5-core" "^36.0.0"
    "@ckeditor/ckeditor5-engine" "^36.0.0"
    "@ckeditor/ckeditor5-utils" "^36.0.0"
    "@ckeditor/ckeditor5-widget" "^36.0.0"
    lodash-es "^4.17.11"

"@ckeditor/ckeditor5-clipboard@^37.1.0":
  version "37.1.0"
  resolved "https://registry.yarnpkg.com/@ckeditor/ckeditor5-clipboard/-/ckeditor5-clipboard-37.1.0.tgz#93be9d304f680786bc7c2042ca6160758f7b8828"
  integrity sha512-0L1driXKRl1IUZ9amo+DVBGJuNjuVQ4nmuurIDqR1U8pRFt34wBzaIHivUbsKeZYe74RC4m4tE2DcUrltXwLAQ==
  dependencies:
    "@ckeditor/ckeditor5-core" "^37.1.0"
    "@ckeditor/ckeditor5-engine" "^37.1.0"
    "@ckeditor/ckeditor5-utils" "^37.1.0"
    "@ckeditor/ckeditor5-widget" "^37.1.0"
    lodash-es "^4.17.15"

"@ckeditor/ckeditor5-code-block@^37.1.0":
  version "37.1.0"
  resolved "https://registry.yarnpkg.com/@ckeditor/ckeditor5-code-block/-/ckeditor5-code-block-37.1.0.tgz#ef8a3bf3e9c6213192c91420c918a46efa41b636"
  integrity sha512-jZfp+LpdNkqOZuPUUb5cQSvebBFiMKXFSpMn5VM0sMpSj+Q6gr8fTxjkDEjRzqyaLuOVEy+IeOsmUjPssWqqwA==
  dependencies:
    ckeditor5 "^37.1.0"

"@ckeditor/ckeditor5-core@^36.0.0":
  version "36.0.0"
  resolved "https://registry.yarnpkg.com/@ckeditor/ckeditor5-core/-/ckeditor5-core-36.0.0.tgz#f4626997479aab98ef4309b9958ae21edb335512"
  integrity sha512-9UcIryXrbLL+2FGsKiD64mluy09AOmCm4NrfSGAjJa2SHdEGBPvbqXFeyXLuJwiHshQUqgXCqMWHC1HYTMKFoQ==
  dependencies:
    "@ckeditor/ckeditor5-engine" "^36.0.0"
    "@ckeditor/ckeditor5-utils" "^36.0.0"
    lodash-es "^4.17.15"

"@ckeditor/ckeditor5-core@^37.1.0":
  version "37.1.0"
  resolved "https://registry.yarnpkg.com/@ckeditor/ckeditor5-core/-/ckeditor5-core-37.1.0.tgz#c7ecd10cd2f5e11a43a1dab624621c2aea6aed4f"
  integrity sha512-edewiWlMCK5BPN9Can0A9skob9dNDMrv09khiKaUYK5PEobZZQSyUBck52vXpt255u2rnlmhF5phTqsQo5EiOw==
  dependencies:
    "@ckeditor/ckeditor5-engine" "^37.1.0"
    "@ckeditor/ckeditor5-utils" "^37.1.0"
    lodash-es "^4.17.15"

"@ckeditor/ckeditor5-easy-image@^37.1.0":
  version "37.1.0"
  resolved "https://registry.yarnpkg.com/@ckeditor/ckeditor5-easy-image/-/ckeditor5-easy-image-37.1.0.tgz#e72af6e9190e04f8db67bfc685c74811dcbdc7b3"
  integrity sha512-1pu7IF0gpfIUVPci06kQaf76jvJkavFmbkK6MpxjccFsCVa2HONgyPfbMHvBLb2J5TBm/IeN+yHF/qmKiIMTKg==
  dependencies:
    ckeditor5 "^37.1.0"

"@ckeditor/ckeditor5-editor-classic@^37.1.0":
  version "37.1.0"
  resolved "https://registry.yarnpkg.com/@ckeditor/ckeditor5-editor-classic/-/ckeditor5-editor-classic-37.1.0.tgz#37882a92b842c857041367aab6631fe64c8041cb"
  integrity sha512-3XipfINHckd8NITQT9ePdk0+3vytZ567x5qDGCeTgVAKqiFYNaEmuQKir1+D8uQddbrDNolv91XcILN8XHzDWQ==
  dependencies:
    ckeditor5 "^37.1.0"
    lodash-es "^4.17.15"

"@ckeditor/ckeditor5-engine@^36.0.0":
  version "36.0.0"
  resolved "https://registry.yarnpkg.com/@ckeditor/ckeditor5-engine/-/ckeditor5-engine-36.0.0.tgz#b6903ae35a696a9f13391c4e973f008ad8bba5e4"
  integrity sha512-2Cg2XEWlXjHa6KPlEgpY7jpXjPFSXVEpCsg5v8pXb85UnyP3gnK1mbFo/CsKHisnEWXNdsm5PfExZbMj121Y/w==
  dependencies:
    "@ckeditor/ckeditor5-utils" "^36.0.0"
    lodash-es "^4.17.15"

"@ckeditor/ckeditor5-engine@^37.1.0":
  version "37.1.0"
  resolved "https://registry.yarnpkg.com/@ckeditor/ckeditor5-engine/-/ckeditor5-engine-37.1.0.tgz#628cb27102d70974c5d8a0a20dda893f2c76facf"
  integrity sha512-D/xWNOgqk3G1qtv8P2UCmpHcIONjJE0NRJeJuJ8jppIgOYpbVG/7KSuzJYV7G1M9oGSBAeNb7U+lz7y/eg38Hw==
  dependencies:
    "@ckeditor/ckeditor5-utils" "^37.1.0"
    lodash-es "^4.17.15"

"@ckeditor/ckeditor5-enter@^36.0.0":
  version "36.0.0"
  resolved "https://registry.yarnpkg.com/@ckeditor/ckeditor5-enter/-/ckeditor5-enter-36.0.0.tgz#fa4b4425e2997559455298d92a075f245dba27e8"
  integrity sha512-dYAge/4T/R+s/P8Zr2MV+AK4ok2tBKy4dYzitTF1P1HuY1rKAdGJHeXjYqqqi2Qee7MW7JK1kMyhv2c1b1hcog==
  dependencies:
    "@ckeditor/ckeditor5-core" "^36.0.0"
    "@ckeditor/ckeditor5-engine" "^36.0.0"

"@ckeditor/ckeditor5-enter@^37.1.0":
  version "37.1.0"
  resolved "https://registry.yarnpkg.com/@ckeditor/ckeditor5-enter/-/ckeditor5-enter-37.1.0.tgz#4362f2560a3aa34800e9a3ff235772f4e6e5ac8f"
  integrity sha512-m8e+yInNi4Hi5YWN0+Jj5ZFZjFvUi6VKPGsCSRyAmOiB3J9AO1/P4pYhhAXXpD7RzJQ0hmNiwZgRDZWeq/ZZNA==
  dependencies:
    "@ckeditor/ckeditor5-core" "^37.1.0"
    "@ckeditor/ckeditor5-engine" "^37.1.0"
    "@ckeditor/ckeditor5-utils" "^37.1.0"

"@ckeditor/ckeditor5-essentials@^37.1.0":
  version "37.1.0"
  resolved "https://registry.yarnpkg.com/@ckeditor/ckeditor5-essentials/-/ckeditor5-essentials-37.1.0.tgz#5e6df16fe374649bad59be6319d6bd47d2d49fbe"
  integrity sha512-LJl/3XHQpVvoFq22Z2JtNCog+0Z646MwEIZ70YyGyltA1fxXRpC0PrUg6NYND4AbDTHvWLUVTbQhhXzfSHw2KQ==
  dependencies:
    ckeditor5 "^37.1.0"

"@ckeditor/ckeditor5-find-and-replace@^37.1.0":
  version "37.1.0"
  resolved "https://registry.yarnpkg.com/@ckeditor/ckeditor5-find-and-replace/-/ckeditor5-find-and-replace-37.1.0.tgz#b00fe3f9db83fef7cf7e53e2403337e2830fdb44"
  integrity sha512-o4Pq847A8xKzBG0Y0Bi7dqkWOgbk9znhTr+1ma0tPdwI5LeJMWXF2879boqzDv9qcS4NlURYA0b5Hfi6nj1+sQ==
  dependencies:
    "@ckeditor/ckeditor5-ui" "^37.1.0"
    "@ckeditor/ckeditor5-utils" "^37.1.0"
    ckeditor5 "^37.1.0"
    lodash-es "^4.17.15"

"@ckeditor/ckeditor5-heading@^37.1.0":
  version "37.1.0"
  resolved "https://registry.yarnpkg.com/@ckeditor/ckeditor5-heading/-/ckeditor5-heading-37.1.0.tgz#025c2a59129379d41abffa37c764eeba83467f1b"
  integrity sha512-fr2gOkiitJJKtJvunbitKEVwQoh26oBO7mbp/1BNSydtsOoP+B9Tl5S15WiPRAnc5pjIAT8MOJO5PQY/GDXs5Q==
  dependencies:
    ckeditor5 "^37.1.0"

"@ckeditor/ckeditor5-highlight@^37.1.0":
  version "37.1.0"
  resolved "https://registry.yarnpkg.com/@ckeditor/ckeditor5-highlight/-/ckeditor5-highlight-37.1.0.tgz#2c3c72e3a934ee647d3dd386b6e261a5c81b30aa"
  integrity sha512-xUB/ja/ist7muW3aAy/hjwxsHWWuJyZm296sx3hW08drheDMd4FI9TG9CLyL/b0eZn9tcrCkvM8u6bQMn7N4tg==
  dependencies:
    ckeditor5 "^37.1.0"

"@ckeditor/ckeditor5-horizontal-line@^37.1.0":
  version "37.1.0"
  resolved "https://registry.yarnpkg.com/@ckeditor/ckeditor5-horizontal-line/-/ckeditor5-horizontal-line-37.1.0.tgz#6b2cb0559c25f524302f550dcdcf37011e380dc9"
  integrity sha512-Mr2E9NinKt82xpH8I7tC+TnAR3SbD8u3awGiXnxMMdrYKYACxzXNgOAsavYXmax2H7X7wO0M6A1pu63+Ng8jZQ==
  dependencies:
    ckeditor5 "^37.1.0"

"@ckeditor/ckeditor5-html-embed@^37.1.0":
  version "37.1.0"
  resolved "https://registry.yarnpkg.com/@ckeditor/ckeditor5-html-embed/-/ckeditor5-html-embed-37.1.0.tgz#6aa1456a4688e2f629f10ea79e28750f18eec387"
  integrity sha512-tZkSkL/PlkIlW2mRmYRSBpYtvZsuu0U8pPCU0B46mL38YigOWmXAqGquhhiTUXVf/gKM5romeAiipBqMyE7/dw==
  dependencies:
    ckeditor5 "^37.1.0"

"@ckeditor/ckeditor5-html-support@^37.1.0":
  version "37.1.0"
  resolved "https://registry.yarnpkg.com/@ckeditor/ckeditor5-html-support/-/ckeditor5-html-support-37.1.0.tgz#a803c0f9ba6da4d6f210fa3084d73bc785253871"
  integrity sha512-7HAfTtsVmXOvmOk5sb5vyIw7HYLx1wtrqDqfDeF/tTUXa9rjwiatvhoU/mfTTGglDA3VGLI11hJu49WMyUH3xA==
  dependencies:
    ckeditor5 "^37.1.0"
    lodash-es "^4.17.15"

"@ckeditor/ckeditor5-image@^37.1.0":
  version "37.1.0"
  resolved "https://registry.yarnpkg.com/@ckeditor/ckeditor5-image/-/ckeditor5-image-37.1.0.tgz#95871c07c64a14997c902faea133ed60c80b41b0"
  integrity sha512-wIKGfasamPE7MWnIoNIpmWgxlZOz8bxw8ZaLucRdJGaU1+orzQabYcqZM+y+3puAowXs2MIGcA7kSmyJPvL0Jw==
  dependencies:
    "@ckeditor/ckeditor5-ui" "^37.1.0"
    ckeditor5 "^37.1.0"
    lodash-es "^4.17.15"

"@ckeditor/ckeditor5-indent@^37.1.0":
  version "37.1.0"
  resolved "https://registry.yarnpkg.com/@ckeditor/ckeditor5-indent/-/ckeditor5-indent-37.1.0.tgz#d6af173297b1fd07935145f1521d16ec0307db82"
  integrity sha512-RBuyGV0um9l8dKwnugF0mfiL9H+AsaErhudcgfBhPFCoRQ3+vyQF3Mg14+iKdP2hybJQ6OaT+6a1P8OPzrq85Q==
  dependencies:
    ckeditor5 "^37.1.0"

"@ckeditor/ckeditor5-language@^37.1.0":
  version "37.1.0"
  resolved "https://registry.yarnpkg.com/@ckeditor/ckeditor5-language/-/ckeditor5-language-37.1.0.tgz#25b35b02f9d0cc4f5d6f64f7f0f97b0f87672f4c"
  integrity sha512-bJhEUzBQQ2oSMP59xHOpGs5mjxCe02KYOr865sPfAZ5O8/PUUwXBulVO+lZXNPcrzj8AVNK6m6CSJDNXAHmREA==
  dependencies:
    ckeditor5 "^37.1.0"

"@ckeditor/ckeditor5-link@^37.1.0":
  version "37.1.0"
  resolved "https://registry.yarnpkg.com/@ckeditor/ckeditor5-link/-/ckeditor5-link-37.1.0.tgz#eafc600dabc685245cff930c8b317e7ca3338f86"
  integrity sha512-ImVcYYfz5oR/zqHGYdvgSvfHU/7ia/psAqjL+T/5OaqMRunALdUzdtuAsMkWGEH/oF8vKRsdGeWwsyrEvTF4XA==
  dependencies:
    "@ckeditor/ckeditor5-ui" "^37.1.0"
    ckeditor5 "^37.1.0"
    lodash-es "^4.17.15"

"@ckeditor/ckeditor5-list@^37.1.0":
  version "37.1.0"
  resolved "https://registry.yarnpkg.com/@ckeditor/ckeditor5-list/-/ckeditor5-list-37.1.0.tgz#3cadf72d410c8c3dee8386f3c21ef73781d88c28"
  integrity sha512-hV1fNhpMkivlVuwRx0TVSEzPgciQa14uV/lbnhCmjT33WDrh8hAcYFK+kJx+9dB1OzNtyTlsMA/DxUJPdNr9TA==
  dependencies:
    "@ckeditor/ckeditor5-ui" "^37.1.0"
    ckeditor5 "^37.1.0"

"@ckeditor/ckeditor5-media-embed@^37.1.0":
  version "37.1.0"
  resolved "https://registry.yarnpkg.com/@ckeditor/ckeditor5-media-embed/-/ckeditor5-media-embed-37.1.0.tgz#aaa801a28b1c14a3d45f2067383548e9cb96f18a"
  integrity sha512-FFErNy2M+32rFeI6z16J38T7VVsqk5TDWkLRVqZF/5/VOBZ/TGcAjamEYkWnuzSHakuwDUbCwT+H3JVSKNnZJA==
  dependencies:
    "@ckeditor/ckeditor5-ui" "^37.1.0"
    ckeditor5 "^37.1.0"

"@ckeditor/ckeditor5-mention@^37.1.0":
  version "37.1.0"
  resolved "https://registry.yarnpkg.com/@ckeditor/ckeditor5-mention/-/ckeditor5-mention-37.1.0.tgz#542faf5d9bc29f1db0c9beb1d26a8497bb427939"
  integrity sha512-AP5IjbZRPa03gVrVV7LdSLV7HdGYK2ILB436bDr1y9uSioJd2asJnxi3b54ocToYpJVnr/BfRTFxRbkh6YC9HQ==
  dependencies:
    ckeditor5 "^37.1.0"
    lodash-es "^4.17.15"

"@ckeditor/ckeditor5-page-break@^37.1.0":
  version "37.1.0"
  resolved "https://registry.yarnpkg.com/@ckeditor/ckeditor5-page-break/-/ckeditor5-page-break-37.1.0.tgz#ad32036a1bda9b9580c3ca9bd45b48afe8b0bf49"
  integrity sha512-XWDr4hKWaF8HLGvogIhvjTXdIUIFiEQX3skar4nmftXXTAkgxjyUVRK7yQRcs4+JZT+RFAdLAyy78ZmxqxLRJw==
  dependencies:
    ckeditor5 "^37.1.0"

"@ckeditor/ckeditor5-paragraph@^36.0.0":
  version "36.0.0"
  resolved "https://registry.yarnpkg.com/@ckeditor/ckeditor5-paragraph/-/ckeditor5-paragraph-36.0.0.tgz#7171601c1431339be2b792186e72b5be18fbdf6c"
  integrity sha512-c2jisygJBdixUl2SAlOZNK7s6MksM8QBFojWGrW5/xHTNC+snvMXiED0VZkoJom66psVnmOirttm1rDQRKvbtg==
  dependencies:
    "@ckeditor/ckeditor5-core" "^36.0.0"
    "@ckeditor/ckeditor5-ui" "^36.0.0"
    "@ckeditor/ckeditor5-utils" "^36.0.0"

"@ckeditor/ckeditor5-paragraph@^37.1.0":
  version "37.1.0"
  resolved "https://registry.yarnpkg.com/@ckeditor/ckeditor5-paragraph/-/ckeditor5-paragraph-37.1.0.tgz#5607ee190a71face08df3a9e57a4e2dca4cf0576"
  integrity sha512-64G9VU8xVYzJrOjngtw2Zg58mXTkf4fiBhR4lUT9yZNLpVJ/8DXtphGtuXEPrlfL4DVrthHUeNfEdQXA2DGGZQ==
  dependencies:
    "@ckeditor/ckeditor5-core" "^37.1.0"
    "@ckeditor/ckeditor5-ui" "^37.1.0"
    "@ckeditor/ckeditor5-utils" "^37.1.0"

"@ckeditor/ckeditor5-paste-from-office@^37.1.0":
  version "37.1.0"
  resolved "https://registry.yarnpkg.com/@ckeditor/ckeditor5-paste-from-office/-/ckeditor5-paste-from-office-37.1.0.tgz#7ae69cf060efa0b3b095847e4f3d6bf4e8fb1eb1"
  integrity sha512-4l+Wt6HCG1yraQhCfRegReWoviLkEzqPb/6QxoFiqOZkzUCmCCTgGTwL709fOg3sE5hxYd4tfPb9ARQuOkfmgQ==
  dependencies:
    ckeditor5 "^37.1.0"

"@ckeditor/ckeditor5-react@^6.0.0":
  version "6.0.0"
  resolved "https://registry.yarnpkg.com/@ckeditor/ckeditor5-react/-/ckeditor5-react-6.0.0.tgz#a04721f5d1208bd06615fc4cca355c91c1c4b88c"
  integrity sha512-Yw0MlWfUXelGJ7qcFCYlaRlDEsEr0Lh7Wa2NGDT4+kscwcck9x8F1qm7xmjwJZ9bj79GC9rnCxsIqmq2etmZFA==
  dependencies:
    prop-types "^15.7.2"

"@ckeditor/ckeditor5-remove-format@^37.1.0":
  version "37.1.0"
  resolved "https://registry.yarnpkg.com/@ckeditor/ckeditor5-remove-format/-/ckeditor5-remove-format-37.1.0.tgz#01dd9982dadacc3267e9434cba7744d6a6542d1c"
  integrity sha512-nMY88h2kARvX2spO1Di/cFBojSg6JweR5LYHf9k2RjUN+6ySbF8+0U5KJt3fd7R4KXqdGAxkovQ8VlIOE75fcw==
  dependencies:
    ckeditor5 "^37.1.0"

"@ckeditor/ckeditor5-select-all@^36.0.0":
  version "36.0.0"
  resolved "https://registry.yarnpkg.com/@ckeditor/ckeditor5-select-all/-/ckeditor5-select-all-36.0.0.tgz#b342e7521fdd396c65f1a8c3feeec9f097c73067"
  integrity sha512-F0i3aX0lGbnBSU90HzW27np2g9uwrYHJMXBF62fQd1BHbsC0NKC0B60dRB5dsnwOEG+h8OBAekNedO3OwirDfA==
  dependencies:
    "@ckeditor/ckeditor5-core" "^36.0.0"
    "@ckeditor/ckeditor5-ui" "^36.0.0"
    "@ckeditor/ckeditor5-utils" "^36.0.0"

"@ckeditor/ckeditor5-select-all@^37.1.0":
  version "37.1.0"
  resolved "https://registry.yarnpkg.com/@ckeditor/ckeditor5-select-all/-/ckeditor5-select-all-37.1.0.tgz#1edb6579ef77c72c50ec442dff0e2dd4b089aaa0"
  integrity sha512-E5f+TQuOsrhxj/8b8/5Lhym7hF8upeL61hHJpViBhf047F2qLcRBs8SXSm9PO0xS0nzg+RxigmkiYWI5inm74g==
  dependencies:
    "@ckeditor/ckeditor5-core" "^37.1.0"
    "@ckeditor/ckeditor5-ui" "^37.1.0"
    "@ckeditor/ckeditor5-utils" "^37.1.0"

"@ckeditor/ckeditor5-source-editing@^37.1.0":
  version "37.1.0"
  resolved "https://registry.yarnpkg.com/@ckeditor/ckeditor5-source-editing/-/ckeditor5-source-editing-37.1.0.tgz#3050f79ac7b1213a88bcd971e4519a8dbecf4ead"
  integrity sha512-gjz1DYrkCM2LsCt+y4GlHhJvtL5Q3KtSUk56lFvYLl3L76MRvK6ZQMTC6d4l1iXZS5iRS4x9hEuWjO9UtEOStw==
  dependencies:
    "@ckeditor/ckeditor5-theme-lark" "^37.1.0"
    ckeditor5 "^37.1.0"

"@ckeditor/ckeditor5-special-characters@^37.1.0":
  version "37.1.0"
  resolved "https://registry.yarnpkg.com/@ckeditor/ckeditor5-special-characters/-/ckeditor5-special-characters-37.1.0.tgz#6c8ed1142487526603b18c684a01956c49d2314e"
  integrity sha512-p4rpeX3VX7Du/xp34EkjUQBe8dEn0ZBCeTeXYS3wRGlcCXj1BZE0vEZ9ErkpY0SwxC/UuczERqdXxqsV3Cg9qA==
  dependencies:
    ckeditor5 "^37.1.0"

"@ckeditor/ckeditor5-style@^37.1.0":
  version "37.1.0"
  resolved "https://registry.yarnpkg.com/@ckeditor/ckeditor5-style/-/ckeditor5-style-37.1.0.tgz#848b6e1b83d25bcbb71cbf77d01ece0fb2c04a1f"
  integrity sha512-rcQy4GeyOVenMTIyEFOqqJhPtk0HyMzZvPja7gIualQ3tTx2OOci3M5tkIc3Zt8MFXryCeJ/FDnRkuDJ1tFhDg==
  dependencies:
    ckeditor5 "^37.1.0"
    lodash-es "^4.17.15"

"@ckeditor/ckeditor5-table@^37.1.0":
  version "37.1.0"
  resolved "https://registry.yarnpkg.com/@ckeditor/ckeditor5-table/-/ckeditor5-table-37.1.0.tgz#517769650f250cdc8ff3d66f597d9d93b0415bf7"
  integrity sha512-XXAGEZtpRz9Y0ZZtrDZCYy8jFLOVNnfgQIoSH+SJjSGyaR/DjlmLPXpSiO3R8Y8s7dRncBqK8Z0JEST7UwfdGg==
  dependencies:
    ckeditor5 "^37.1.0"
    lodash-es "^4.17.15"

"@ckeditor/ckeditor5-theme-lark@^37.1.0":
  version "37.1.0"
  resolved "https://registry.yarnpkg.com/@ckeditor/ckeditor5-theme-lark/-/ckeditor5-theme-lark-37.1.0.tgz#efa69356f868751d86e32cc74ed749e2bc736e30"
  integrity sha512-BbiudXFoZeLFKNTx3H9Zbr4yLn696IfFnokflMsTJMCeEjT33RhbSNxTbr6m19bobBcs3wkJaSfh0/3L4daRzQ==
  dependencies:
    "@ckeditor/ckeditor5-ui" "^37.1.0"

"@ckeditor/ckeditor5-typing@^36.0.0":
  version "36.0.0"
  resolved "https://registry.yarnpkg.com/@ckeditor/ckeditor5-typing/-/ckeditor5-typing-36.0.0.tgz#164e0043878c0e37eaf782a53d7d04d1b5e5a537"
  integrity sha512-jFYC0M6QR+DhYpfN/UIJk8iSNJRsondk/xrdJ5YPoa4kMfzZCZvL0lcM0knKzxxlSBP28wn9zXvrQFEgCdaGQA==
  dependencies:
    "@ckeditor/ckeditor5-core" "^36.0.0"
    "@ckeditor/ckeditor5-engine" "^36.0.0"
    "@ckeditor/ckeditor5-utils" "^36.0.0"
    lodash-es "^4.17.15"

"@ckeditor/ckeditor5-typing@^37.1.0":
  version "37.1.0"
  resolved "https://registry.yarnpkg.com/@ckeditor/ckeditor5-typing/-/ckeditor5-typing-37.1.0.tgz#080ad759e4f3869cd86cb797879c7bba3de9c4ad"
  integrity sha512-dloH29SGgDu3torPKC6TDkaYvD1ic80m8WCk9xXaOUXzIYf73m+F5TQ/QcfONxb0++Sj1Pq1IQuIpqBOn82aXA==
  dependencies:
    "@ckeditor/ckeditor5-core" "^37.1.0"
    "@ckeditor/ckeditor5-engine" "^37.1.0"
    "@ckeditor/ckeditor5-utils" "^37.1.0"
    lodash-es "^4.17.15"

"@ckeditor/ckeditor5-ui@^36.0.0":
  version "36.0.0"
  resolved "https://registry.yarnpkg.com/@ckeditor/ckeditor5-ui/-/ckeditor5-ui-36.0.0.tgz#a7436bc87898c11f59d3fdf93b97ed6f759b9cde"
  integrity sha512-r7tCKG2VXt9S7S4FvGcvIdNJcijGskfXztg65C9AR1VbwOpP6r6QMgQhd9EtUr2r273PlYxxQ8/i1LXE+RvfGg==
  dependencies:
    "@ckeditor/ckeditor5-core" "^36.0.0"
    "@ckeditor/ckeditor5-utils" "^36.0.0"
    lodash-es "^4.17.15"

"@ckeditor/ckeditor5-ui@^37.1.0":
  version "37.1.0"
  resolved "https://registry.yarnpkg.com/@ckeditor/ckeditor5-ui/-/ckeditor5-ui-37.1.0.tgz#284b09ea2d3265117004ef493b2ac6852e317c8f"
  integrity sha512-7qpA8yS2cSDJsTh+uaxFuvfprxmw0Kd1UWDqrLNv23jUHt+25cT+46/7VLP3hPdS/bwkXWxIXV6nAlrw3gTIjQ==
  dependencies:
    "@ckeditor/ckeditor5-core" "^37.1.0"
    "@ckeditor/ckeditor5-utils" "^37.1.0"
    lodash-es "^4.17.15"

"@ckeditor/ckeditor5-undo@^36.0.0":
  version "36.0.0"
  resolved "https://registry.yarnpkg.com/@ckeditor/ckeditor5-undo/-/ckeditor5-undo-36.0.0.tgz#3f9ddcf64b750a26e683feecfaa3bebbefb74dc8"
  integrity sha512-8xgIioHR/CLY/bLzEDV0Eq+qCyKFw01YBMB+mEz10iYBSl/yVFIM+9f4qNh3B6VlutHhweqWZc5sj8fJJq5rxw==
  dependencies:
    "@ckeditor/ckeditor5-core" "^36.0.0"
    "@ckeditor/ckeditor5-engine" "^36.0.0"
    "@ckeditor/ckeditor5-ui" "^36.0.0"

"@ckeditor/ckeditor5-undo@^37.1.0":
  version "37.1.0"
  resolved "https://registry.yarnpkg.com/@ckeditor/ckeditor5-undo/-/ckeditor5-undo-37.1.0.tgz#7d7489934194f5560da1ffa5df597905afaf45e0"
  integrity sha512-BJMmi4mXCIZj0lO4AVL8+Fzoj6+fXx3yZxUl0i68wf+ogf36pclyiHlunIV9EKRv8OW/eY3WezRI0O2mVcKzJA==
  dependencies:
    "@ckeditor/ckeditor5-core" "^37.1.0"
    "@ckeditor/ckeditor5-engine" "^37.1.0"
    "@ckeditor/ckeditor5-ui" "^37.1.0"

"@ckeditor/ckeditor5-upload@^36.0.0":
  version "36.0.0"
  resolved "https://registry.yarnpkg.com/@ckeditor/ckeditor5-upload/-/ckeditor5-upload-36.0.0.tgz#cc75e7a2da78a7b9bebc90fdfe07086e29b4d239"
  integrity sha512-LkPrR2pMQYBmg1v/hDYVc2HI+eRJl0XCdcfZxZbjryIB8M31oKP0mfEOMpwqfMk5G4dKd9AwRrdL10CEfgj1Gw==
  dependencies:
    "@ckeditor/ckeditor5-core" "^36.0.0"
    "@ckeditor/ckeditor5-ui" "^36.0.0"
    "@ckeditor/ckeditor5-utils" "^36.0.0"

"@ckeditor/ckeditor5-upload@^37.1.0":
  version "37.1.0"
  resolved "https://registry.yarnpkg.com/@ckeditor/ckeditor5-upload/-/ckeditor5-upload-37.1.0.tgz#a6e425f0d0f8a2725996709def706f6eefe1fd4b"
  integrity sha512-P0srTN1+gz8V4cOk+coY2HY7Gm8MkQAHPFEYCms1G1Kk7G32z4cyGWp9UqCPI0nX5GGM0qYd/Kd78BN/cNyJJw==
  dependencies:
    "@ckeditor/ckeditor5-core" "^37.1.0"
    "@ckeditor/ckeditor5-ui" "^37.1.0"
    "@ckeditor/ckeditor5-utils" "^37.1.0"

"@ckeditor/ckeditor5-utils@^36.0.0":
  version "36.0.0"
  resolved "https://registry.yarnpkg.com/@ckeditor/ckeditor5-utils/-/ckeditor5-utils-36.0.0.tgz#52fbacf8e0dca62ca8728ffbdf8feec89bfda607"
  integrity sha512-V+i2jsW13Pg9T5SZK9BvoQ3r/SqCNSYYU3Ag4wvzxcgPDmkxifAaIDomw2ePvEt1f+6Aisvhdl0+WHOqwHvMcw==
  dependencies:
    lodash-es "^4.17.15"

"@ckeditor/ckeditor5-utils@^37.1.0":
  version "37.1.0"
  resolved "https://registry.yarnpkg.com/@ckeditor/ckeditor5-utils/-/ckeditor5-utils-37.1.0.tgz#0d5dda23fa4fc065782ec8529d3c9dc7674b6895"
  integrity sha512-r4rSbzMy0WFSuP0IRd+yYUMjzb279eiICksOEiHViiqoKQ8RqcGDlh+zOaACkgw6xvLxj96C5MwG2wsZsGJqcA==
  dependencies:
    lodash-es "^4.17.15"

"@ckeditor/ckeditor5-watchdog@^37.1.0":
  version "37.1.0"
  resolved "https://registry.yarnpkg.com/@ckeditor/ckeditor5-watchdog/-/ckeditor5-watchdog-37.1.0.tgz#fb4090876359d3c3ecaab154dd3896f184e9b4a8"
  integrity sha512-0d4WU2BO5n0tNzJl9iamnrFK+XEaK7gVEMIXcduznbupfFGVYFdrOXfDTdW0Yr59kpKEG8JbaWOF3aILjBRRWA==
  dependencies:
    lodash-es "^4.17.15"

"@ckeditor/ckeditor5-widget@^36.0.0":
  version "36.0.0"
  resolved "https://registry.yarnpkg.com/@ckeditor/ckeditor5-widget/-/ckeditor5-widget-36.0.0.tgz#197ccc6259159b0f939beeff976aa2128936b386"
  integrity sha512-dPVThie+0VUsMok8w1VFjhjUE3GtSBOBHOg7J/1PdSzOj/ZhgnkfDULns/oo7txe2+FjQW+npVK8IwsZwMzwLA==
  dependencies:
    "@ckeditor/ckeditor5-core" "^36.0.0"
    "@ckeditor/ckeditor5-engine" "^36.0.0"
    "@ckeditor/ckeditor5-enter" "^36.0.0"
    "@ckeditor/ckeditor5-typing" "^36.0.0"
    "@ckeditor/ckeditor5-ui" "^36.0.0"
    "@ckeditor/ckeditor5-utils" "^36.0.0"
    lodash-es "^4.17.15"

"@ckeditor/ckeditor5-widget@^37.1.0":
  version "37.1.0"
  resolved "https://registry.yarnpkg.com/@ckeditor/ckeditor5-widget/-/ckeditor5-widget-37.1.0.tgz#47eada9af92ea9f4748f9462ded3562c67b8a53a"
  integrity sha512-7tWZLQrokqU28SK/gFoLgGhNshesiCC2nD+MtYie3PyXZ0nVhFDzCQxq94A02G1IpHdDW4WFKSmp2ix2z9lMNQ==
  dependencies:
    "@ckeditor/ckeditor5-core" "^37.1.0"
    "@ckeditor/ckeditor5-engine" "^37.1.0"
    "@ckeditor/ckeditor5-enter" "^37.1.0"
    "@ckeditor/ckeditor5-typing" "^37.1.0"
    "@ckeditor/ckeditor5-ui" "^37.1.0"
    "@ckeditor/ckeditor5-utils" "^37.1.0"
    lodash-es "^4.17.15"

"@ckeditor/ckeditor5-word-count@^37.1.0":
  version "37.1.0"
  resolved "https://registry.yarnpkg.com/@ckeditor/ckeditor5-word-count/-/ckeditor5-word-count-37.1.0.tgz#d9cc1cdcd4517a72fc5e5c1bc4ad34a4beb1f53d"
  integrity sha512-V5da9gkx4EmiNi6f60/Ar8voZeD4Q5LC1AegNyVixOZ8fdq/fS33IBj6QBbkaX1iY1akLybONSKpGPJE3QzfLQ==
  dependencies:
    ckeditor5 "^37.1.0"
    lodash-es "^4.17.15"

ckeditor5@>=35.4.0:
  version "36.0.0"
  resolved "https://registry.yarnpkg.com/ckeditor5/-/ckeditor5-36.0.0.tgz#7076aadfc3644829962d88900d5a9febf273979a"
  integrity sha512-KcQE1d7+Lp0wlhfjPSWko/WhfZldHsVxbQ93Vmw7yRV7GXy4XNjngl/4ocbSCS2je8nzZWuT9hi0pp6bZMs4Ng==
  dependencies:
    "@ckeditor/ckeditor5-clipboard" "^36.0.0"
    "@ckeditor/ckeditor5-core" "^36.0.0"
    "@ckeditor/ckeditor5-engine" "^36.0.0"
    "@ckeditor/ckeditor5-enter" "^36.0.0"
    "@ckeditor/ckeditor5-paragraph" "^36.0.0"
    "@ckeditor/ckeditor5-select-all" "^36.0.0"
    "@ckeditor/ckeditor5-typing" "^36.0.0"
    "@ckeditor/ckeditor5-ui" "^36.0.0"
    "@ckeditor/ckeditor5-undo" "^36.0.0"
    "@ckeditor/ckeditor5-upload" "^36.0.0"
    "@ckeditor/ckeditor5-utils" "^36.0.0"
    "@ckeditor/ckeditor5-widget" "^36.0.0"

ckeditor5@^37.1.0:
  version "37.1.0"
  resolved "https://registry.yarnpkg.com/ckeditor5/-/ckeditor5-37.1.0.tgz#8cbdd8fb2d5ea08fe49699df3668b96c439bc539"
  integrity sha512-sT/w0+pZ/p8ANrNaFI+LtUYRSUECFC1lvhQqGczGWEYD+pdYQTQxYVDy8QEYE5V9E5I7uvt4Dbcq9w6TjlLC/w==
  dependencies:
    "@ckeditor/ckeditor5-clipboard" "^37.1.0"
    "@ckeditor/ckeditor5-core" "^37.1.0"
    "@ckeditor/ckeditor5-engine" "^37.1.0"
    "@ckeditor/ckeditor5-enter" "^37.1.0"
    "@ckeditor/ckeditor5-paragraph" "^37.1.0"
    "@ckeditor/ckeditor5-select-all" "^37.1.0"
    "@ckeditor/ckeditor5-typing" "^37.1.0"
    "@ckeditor/ckeditor5-ui" "^37.1.0"
    "@ckeditor/ckeditor5-undo" "^37.1.0"
    "@ckeditor/ckeditor5-upload" "^37.1.0"
    "@ckeditor/ckeditor5-utils" "^37.1.0"
    "@ckeditor/ckeditor5-watchdog" "^37.1.0"
    "@ckeditor/ckeditor5-widget" "^37.1.0"

deepmerge@^4.2.2:
  version "4.2.2"
  resolved "https://registry.yarnpkg.com/deepmerge/-/deepmerge-4.2.2.tgz#44d2ea3679b8f4d4ffba33f03d865fc1e7bf4955"
  integrity sha512-FJ3UgI4gIl+PHZm53knsuSFpE+nESMr7M4v9QcgB7S63Kj/6WqMiFQJpBBYz1Pt+66bZpP3Q7Lye0Oo9MPKEdg==

dom-serializer@^2.0.0:
  version "2.0.0"
  resolved "https://registry.yarnpkg.com/dom-serializer/-/dom-serializer-2.0.0.tgz#e41b802e1eedf9f6cae183ce5e622d789d7d8e53"
  integrity sha512-wIkAryiqt/nV5EQKqQpo3SToSOV9J0DnbJqwK7Wv/Trc92zIAYZ4FlMu+JPFW1DfGFt81ZTCGgDEabffXeLyJg==
  dependencies:
    domelementtype "^2.3.0"
    domhandler "^5.0.2"
    entities "^4.2.0"

domelementtype@^2.3.0:
  version "2.3.0"
  resolved "https://registry.yarnpkg.com/domelementtype/-/domelementtype-2.3.0.tgz#5c45e8e869952626331d7aab326d01daf65d589d"
  integrity sha512-OLETBj6w0OsagBwdXnPdN0cnMfF9opN69co+7ZrbfPGrdpPVNBUj02spi6B1N7wChLQiPn4CSH/zJvXw56gmHw==

domhandler@^5.0.1, domhandler@^5.0.2:
  version "5.0.3"
  resolved "https://registry.yarnpkg.com/domhandler/-/domhandler-5.0.3.tgz#cc385f7f751f1d1fc650c21374804254538c7d31"
  integrity sha512-cgwlv/1iFQiFnU96XXgROh8xTeetsnJiDsTc7TYCLFd9+/WNkIqPTxiM/8pSd8VIrhXGTf1Ny1q1hquVqDJB5w==
  dependencies:
    domelementtype "^2.3.0"

domutils@^3.0.1:
  version "3.0.1"
  resolved "https://registry.yarnpkg.com/domutils/-/domutils-3.0.1.tgz#696b3875238338cb186b6c0612bd4901c89a4f1c"
  integrity sha512-z08c1l761iKhDFtfXO04C7kTdPBLi41zwOZl00WS8b5eiaebNpY00HKbztwBq+e3vyqWNwWF3mP9YLUeqIrF+Q==
  dependencies:
    dom-serializer "^2.0.0"
    domelementtype "^2.3.0"
    domhandler "^5.0.1"

entities@^4.2.0, entities@^4.3.0:
  version "4.4.0"
  resolved "https://registry.yarnpkg.com/entities/-/entities-4.4.0.tgz#97bdaba170339446495e653cfd2db78962900174"
  integrity sha512-oYp7156SP8LkeGD0GF85ad1X9Ai79WtRsZ2gxJqtBuzH+98YUV6jkHEKlZkMbcrjJjIVJNIDP/3WL9wQkoPbWA==

escape-string-regexp@^4.0.0:
  version "4.0.0"
  resolved "https://registry.yarnpkg.com/escape-string-regexp/-/escape-string-regexp-4.0.0.tgz#14ba83a5d373e3d311e5afca29cf5bfad965bf34"
  integrity sha512-TtpcNJ3XAzx3Gq8sWRzJaVajRs0uVxA2YAkdb1jm2YkPz4G6egUFAyA3n5vtEIZefPk5Wa4UXbKuS5fKkJWdgA==

htmlparser2@^8.0.0:
  version "8.0.1"
  resolved "https://registry.yarnpkg.com/htmlparser2/-/htmlparser2-8.0.1.tgz#abaa985474fcefe269bc761a779b544d7196d010"
  integrity sha512-4lVbmc1diZC7GUJQtRQ5yBAeUCL1exyMwmForWkRLnwyzWBFxN633SALPMGYaWZvKe9j1pRZJpauvmxENSp/EA==
  dependencies:
    domelementtype "^2.3.0"
    domhandler "^5.0.2"
    domutils "^3.0.1"
    entities "^4.3.0"

is-plain-object@^5.0.0:
  version "5.0.0"
  resolved "https://registry.yarnpkg.com/is-plain-object/-/is-plain-object-5.0.0.tgz#4427f50ab3429e9025ea7d52e9043a9ef4159344"
  integrity sha512-VRSzKkbMm5jMDoKLbltAkFQ5Qr7VDiTFGXxYFXXowVj387GeGNOCsOH6Msy00SGZ3Fp84b1Naa1psqgcCIEP5Q==

"js-tokens@^3.0.0 || ^4.0.0":
  version "4.0.0"
  resolved "https://registry.yarnpkg.com/js-tokens/-/js-tokens-4.0.0.tgz#19203fb59991df98e3a287050d4647cdeaf32499"
  integrity sha512-RdJUflcE3cUzKiMqQgsCu06FPu9UdIJO0beYbPhHN4k6apgJtifcoCtT9bcxOpYBtpD2kCM6Sbzg4CausW/PKQ==

lodash-es@^4.17.11, lodash-es@^4.17.15:
  version "4.17.21"
  resolved "https://registry.yarnpkg.com/lodash-es/-/lodash-es-4.17.21.tgz#43e626c46e6591b7750beb2b50117390c609e3ee"
  integrity sha512-mKnC+QJ9pWVzv+C4/U3rRsHapFfHvQFoFB92e52xeyGMcX6/OlIl78je1u8vePzYZSkkogMPJ2yjxxsb89cxyw==

loose-envify@^1.4.0:
  version "1.4.0"
  resolved "https://registry.yarnpkg.com/loose-envify/-/loose-envify-1.4.0.tgz#71ee51fa7be4caec1a63839f7e682d8132d30caf"
  integrity sha512-lyuxPGr/Wfhrlem2CL/UcnUc1zcqKAImBDzukY7Y5F/yQiNdko6+fRLevlw1HgMySw7f611UIY408EtxRSoK3Q==
  dependencies:
    js-tokens "^3.0.0 || ^4.0.0"

nanoid@^3.3.4:
  version "3.3.4"
  resolved "https://registry.yarnpkg.com/nanoid/-/nanoid-3.3.4.tgz#730b67e3cd09e2deacf03c027c81c9d9dbc5e8ab"
  integrity sha512-MqBkQh/OHTS2egovRtLk45wEyNXwF+cokD+1YPf9u5VfJiRdAiRwB2froX5Co9Rh20xs4siNPm8naNotSD6RBw==

object-assign@^4.1.1:
  version "4.1.1"
  resolved "https://registry.yarnpkg.com/object-assign/-/object-assign-4.1.1.tgz#2109adc7965887cfc05cbbd442cac8bfbb360863"
  integrity sha512-rJgTQnkUnH1sFw8yT6VSU3zD3sWmu6sZhIseY8VX+GRu3P6F7Fu+JNDoXfklElbLJSnc3FUQHVe4cU5hj+BcUg==

parse-srcset@^1.0.2:
  version "1.0.2"
  resolved "https://registry.yarnpkg.com/parse-srcset/-/parse-srcset-1.0.2.tgz#f2bd221f6cc970a938d88556abc589caaaa2bde1"
  integrity sha512-/2qh0lav6CmI15FzA3i/2Bzk2zCgQhGMkvhOhKNcBVQ1ldgpbfiNTVslmooUmWJcADi1f1kIeynbDRVzNlfR6Q==

picocolors@^1.0.0:
  version "1.0.0"
  resolved "https://registry.yarnpkg.com/picocolors/-/picocolors-1.0.0.tgz#cb5bdc74ff3f51892236eaf79d68bc44564ab81c"
  integrity sha512-1fygroTLlHu66zi26VoTDv8yRgm0Fccecssto+MhsZ0D/DGW2sm8E8AjW7NU5VVTRt5GxbeZ5qBuJr+HyLYkjQ==

postcss@^8.3.11:
  version "8.4.21"
  resolved "https://registry.yarnpkg.com/postcss/-/postcss-8.4.21.tgz#c639b719a57efc3187b13a1d765675485f4134f4"
  integrity sha512-tP7u/Sn/dVxK2NnruI4H9BG+x+Wxz6oeZ1cJ8P6G/PZY0IKk4k/63TDsQf2kQq3+qoJeLm2kIBUNlZe3zgb4Zg==
  dependencies:
    nanoid "^3.3.4"
    picocolors "^1.0.0"
    source-map-js "^1.0.2"

prop-types@^15.7.2:
  version "15.8.1"
  resolved "https://registry.yarnpkg.com/prop-types/-/prop-types-15.8.1.tgz#67d87bf1a694f48435cf332c24af10214a3140b5"
  integrity sha512-oj87CgZICdulUohogVAR7AjlC0327U4el4L6eAvOqCeudMDVU0NThNaV+b9Df4dXgSP1gXMTnPdhfe/2qDH5cg==
  dependencies:
    loose-envify "^1.4.0"
    object-assign "^4.1.1"
    react-is "^16.13.1"

react-is@^16.13.1:
  version "16.13.1"
  resolved "https://registry.yarnpkg.com/react-is/-/react-is-16.13.1.tgz#789729a4dc36de2999dc156dd6c1d9c18cea56a4"
  integrity sha512-24e6ynE2H+OKt4kqsOvNd8kBpV65zoxbA4BVsEOB3ARVWQki/DHzaUoC5KuON/BiccDaCCTZBuOcfZs70kR8bQ==

sanitize-html@^2.10.0:
  version "2.10.0"
  resolved "https://registry.yarnpkg.com/sanitize-html/-/sanitize-html-2.10.0.tgz#74d28848dfcf72c39693139131895c78900ab452"
  integrity sha512-JqdovUd81dG4k87vZt6uA6YhDfWkUGruUu/aPmXLxXi45gZExnt9Bnw/qeQU8oGf82vPyaE0vO4aH0PbobB9JQ==
  dependencies:
    deepmerge "^4.2.2"
    escape-string-regexp "^4.0.0"
    htmlparser2 "^8.0.0"
    is-plain-object "^5.0.0"
    parse-srcset "^1.0.2"
    postcss "^8.3.11"

source-map-js@^1.0.2:
  version "1.0.2"
  resolved "https://registry.yarnpkg.com/source-map-js/-/source-map-js-1.0.2.tgz#adbc361d9c62df380125e7f161f71c826f1e490c"
  integrity sha512-R0XvVJ9WusLiqTCEiGCmICCMplcCkIwwR11mOSD9CR5u+IXYdiseeEuXCVAjS54zqwkLcPNnmU4OeJ6tUrWhDw==
