# THIS IS AN AUTOGENERATED FILE. DO NOT EDIT THIS FILE DIRECTLY.
# yarn lockfile v1


"@_sh/ckeditor5-font-with-picker@^0.0.1":
  version "0.0.1"
  resolved "https://registry.yarnpkg.com/@_sh/ckeditor5-font-with-picker/-/ckeditor5-font-with-picker-0.0.1.tgz#b028ee569e16f9c12c24ca34de5a67c648345f88"
  integrity sha512-fTz1ic2uqOsZ4FencXYtGf9WA1bD4EAXiINOXBJrmYe2LPDXHIi9g0Ppwwd/BxqNHqI/NohpSdwcr6k3uSzkbg==
  dependencies:
    ckeditor5 ">=35.4.0"

"@ckeditor/ckeditor5-alignment@^36.0.0":
  version "36.0.0"
  resolved "https://registry.yarnpkg.com/@ckeditor/ckeditor5-alignment/-/ckeditor5-alignment-36.0.0.tgz#1cc042d50f0e8c759bce080263c5f8d354b8b514"
  integrity sha512-AW0naurc2JIHgNCWhQjJCBVdKxoVgZQQ0ALqHMPMApPe4o3BBU6jTF6e3+E/J92iwyN3acIfWU16fyS7h0eRsA==
  dependencies:
    ckeditor5 "^36.0.0"

"@ckeditor/ckeditor5-autoformat@^36.0.0":
  version "36.0.0"
  resolved "https://registry.yarnpkg.com/@ckeditor/ckeditor5-autoformat/-/ckeditor5-autoformat-36.0.0.tgz#c2318cdd2358c3ea5e52ea0d83393a538817378e"
  integrity sha512-M4yi6ltvNjfNuqQJUwJpobmzpe8InowCymvWQmv0fOLZNO4QWYZ22WoBKY4blw2A7PePeJbaGhbDWusU5PWHEw==
  dependencies:
    ckeditor5 "^36.0.0"

"@ckeditor/ckeditor5-autosave@^36.0.0":
  version "36.0.0"
  resolved "https://registry.yarnpkg.com/@ckeditor/ckeditor5-autosave/-/ckeditor5-autosave-36.0.0.tgz#ab386f6063ffbb80d06888735604b5fc8042faa4"
  integrity sha512-OhCLNvAr42rlqjaMEKUeIeHOp/PbFq67Pxdox9a+U7T7uWL6k1wi9q52w9Nv21RQyiuRQMKRyHXRt0Vmma5/9A==
  dependencies:
    ckeditor5 "^36.0.0"
    lodash-es "^4.17.15"

"@ckeditor/ckeditor5-basic-styles@^36.0.0":
  version "36.0.0"
  resolved "https://registry.yarnpkg.com/@ckeditor/ckeditor5-basic-styles/-/ckeditor5-basic-styles-36.0.0.tgz#70f6c76e0020182970a75b030166fb7d7e0ea286"
  integrity sha512-bU+XLQSSmsDRRgAfzPyi9nKaF4m4WbvvsKQEXqeybbgR6T+eX1gf7s0mwyPCqu4SJWZapHPd2/t27kWd5Ve5yw==
  dependencies:
    ckeditor5 "^36.0.0"

"@ckeditor/ckeditor5-block-quote@^36.0.0":
  version "36.0.0"
  resolved "https://registry.yarnpkg.com/@ckeditor/ckeditor5-block-quote/-/ckeditor5-block-quote-36.0.0.tgz#7c68795b1247761477b8fcedce3ad3c3703be7b2"
  integrity sha512-vKUYMjgBQ3lA4vKLi5kM6vNR1qt8cS5JA5EHPjXH6UmISoTduh2yRn5mJsNIrLSv3ZCMXJE+Pvkp2iH9O3fSiA==
  dependencies:
    ckeditor5 "^36.0.0"

"@ckeditor/ckeditor5-clipboard@^36.0.0":
  version "36.0.0"
  resolved "https://registry.yarnpkg.com/@ckeditor/ckeditor5-clipboard/-/ckeditor5-clipboard-36.0.0.tgz#473428a11e877a1bb4a0341435503b5f1748d529"
  integrity sha512-AnxSQQEDsXlHMwEQumbIF9GgBNZzyBafKiHhn90UqAMFF4f8Uk+cmxayf/c4FVTXqTlmh2NpgAVE/BxyJQNSZQ==
  dependencies:
    "@ckeditor/ckeditor5-core" "^36.0.0"
    "@ckeditor/ckeditor5-engine" "^36.0.0"
    "@ckeditor/ckeditor5-utils" "^36.0.0"
    "@ckeditor/ckeditor5-widget" "^36.0.0"
    lodash-es "^4.17.11"

"@ckeditor/ckeditor5-code-block@^36.0.0":
  version "36.0.0"
  resolved "https://registry.yarnpkg.com/@ckeditor/ckeditor5-code-block/-/ckeditor5-code-block-36.0.0.tgz#9b49ad7952729d8f93f8b26e418eff38d37d5f9a"
  integrity sha512-v2t203EYBeiSPgPn4CO/zrNFOfoGBC097pLG0CKQr8nWSW9wEAvjzNlONUTJF4h+Z1taZodXUfWR9LYiI/9FKg==
  dependencies:
    ckeditor5 "^36.0.0"

"@ckeditor/ckeditor5-core@^36.0.0":
  version "36.0.0"
  resolved "https://registry.yarnpkg.com/@ckeditor/ckeditor5-core/-/ckeditor5-core-36.0.0.tgz#f4626997479aab98ef4309b9958ae21edb335512"
  integrity sha512-9UcIryXrbLL+2FGsKiD64mluy09AOmCm4NrfSGAjJa2SHdEGBPvbqXFeyXLuJwiHshQUqgXCqMWHC1HYTMKFoQ==
  dependencies:
    "@ckeditor/ckeditor5-engine" "^36.0.0"
    "@ckeditor/ckeditor5-utils" "^36.0.0"
    lodash-es "^4.17.15"

"@ckeditor/ckeditor5-easy-image@^36.0.0":
  version "36.0.0"
  resolved "https://registry.yarnpkg.com/@ckeditor/ckeditor5-easy-image/-/ckeditor5-easy-image-36.0.0.tgz#b09f5565a48d648bc7d4f0051609a6b2994fdc2c"
  integrity sha512-cpdPd/nEX0UqidYbXQSlj4pPcHyRsPqQ3oftRncaHeD4QPkVcSTawa3VEp80DxMoNhFjInw6mdnCAs+mrD345g==
  dependencies:
    ckeditor5 "^36.0.0"

"@ckeditor/ckeditor5-editor-classic@^36.0.0":
  version "36.0.0"
  resolved "https://registry.yarnpkg.com/@ckeditor/ckeditor5-editor-classic/-/ckeditor5-editor-classic-36.0.0.tgz#d02b0754784af9ea43af9d0b7dcddf99b3781e11"
  integrity sha512-r/GMueT5IaDVaoZKBvpT1VOuVgBL6FrIuyxNIzf92ODDA/XqstsWBkF7W9/DYzP51IScZv9Gd6m4CnB1bYocaQ==
  dependencies:
    ckeditor5 "^36.0.0"
    lodash-es "^4.17.15"

"@ckeditor/ckeditor5-engine@^36.0.0":
  version "36.0.0"
  resolved "https://registry.yarnpkg.com/@ckeditor/ckeditor5-engine/-/ckeditor5-engine-36.0.0.tgz#b6903ae35a696a9f13391c4e973f008ad8bba5e4"
  integrity sha512-2Cg2XEWlXjHa6KPlEgpY7jpXjPFSXVEpCsg5v8pXb85UnyP3gnK1mbFo/CsKHisnEWXNdsm5PfExZbMj121Y/w==
  dependencies:
    "@ckeditor/ckeditor5-utils" "^36.0.0"
    lodash-es "^4.17.15"

"@ckeditor/ckeditor5-enter@^36.0.0":
  version "36.0.0"
  resolved "https://registry.yarnpkg.com/@ckeditor/ckeditor5-enter/-/ckeditor5-enter-36.0.0.tgz#fa4b4425e2997559455298d92a075f245dba27e8"
  integrity sha512-dYAge/4T/R+s/P8Zr2MV+AK4ok2tBKy4dYzitTF1P1HuY1rKAdGJHeXjYqqqi2Qee7MW7JK1kMyhv2c1b1hcog==
  dependencies:
    "@ckeditor/ckeditor5-core" "^36.0.0"
    "@ckeditor/ckeditor5-engine" "^36.0.0"

"@ckeditor/ckeditor5-essentials@^36.0.0":
  version "36.0.0"
  resolved "https://registry.yarnpkg.com/@ckeditor/ckeditor5-essentials/-/ckeditor5-essentials-36.0.0.tgz#668d5b923c7982cf1d3c51df49554517e2b9f799"
  integrity sha512-dSEgsPXDNfYf9NBtlo8jsZ9j0Bg9dsqUBsiY1INd80ZSTAujuUTm5asLJKiyp4gt/t7VDaTuhFi8m7t3V7E+Rw==
  dependencies:
    ckeditor5 "^36.0.0"

"@ckeditor/ckeditor5-find-and-replace@^36.0.0":
  version "36.0.0"
  resolved "https://registry.yarnpkg.com/@ckeditor/ckeditor5-find-and-replace/-/ckeditor5-find-and-replace-36.0.0.tgz#5df20701b2564b3f4270a9c34da24b237e45cc24"
  integrity sha512-5UpPlmDPml52LnZIT8mCCY7ij5C2YmBLUAQHMNTkCJoJZP6P7OZWGMIyzflfp6EjmjQBGTm5sZqy/yc412biuA==
  dependencies:
    "@ckeditor/ckeditor5-ui" "^36.0.0"
    "@ckeditor/ckeditor5-utils" "^36.0.0"
    ckeditor5 "^36.0.0"
    lodash-es "^4.17.15"

"@ckeditor/ckeditor5-heading@^36.0.0":
  version "36.0.0"
  resolved "https://registry.yarnpkg.com/@ckeditor/ckeditor5-heading/-/ckeditor5-heading-36.0.0.tgz#4250147a709fd3d2785627f3427754c32ad0389d"
  integrity sha512-zYitLwpLb1u83qan5B4nY7cQEKeVibJQRPZr1izAyN5Q8fSaPxgIocbFOPCMtlzoRqMIetpd2BTw8bHjTjUX3g==
  dependencies:
    ckeditor5 "^36.0.0"

"@ckeditor/ckeditor5-highlight@^36.0.0":
  version "36.0.0"
  resolved "https://registry.yarnpkg.com/@ckeditor/ckeditor5-highlight/-/ckeditor5-highlight-36.0.0.tgz#de7f2a63c2596eee5424c219226a0b6394056861"
  integrity sha512-OVZehNVSxpTrbih5M6sWoo/4CfbmokVtFq4T0/q/MEuOMm6eYzrxCgXlZnwwQDHJQhkJg+OvOrRvHy4y5wEfjg==
  dependencies:
    ckeditor5 "^36.0.0"

"@ckeditor/ckeditor5-horizontal-line@^36.0.0":
  version "36.0.0"
  resolved "https://registry.yarnpkg.com/@ckeditor/ckeditor5-horizontal-line/-/ckeditor5-horizontal-line-36.0.0.tgz#25ecf634d3af10c0699125674880ea0a88d92a35"
  integrity sha512-rgKaDJiU0Ti+SamA0+RO2qFy7/bpxy5m0/AfXoBuM1PEthKrofHs9SPLz2t26H93aSDLyiO8XsQKYCCuWjEYFg==
  dependencies:
    ckeditor5 "^36.0.0"

"@ckeditor/ckeditor5-html-embed@^36.0.0":
  version "36.0.0"
  resolved "https://registry.yarnpkg.com/@ckeditor/ckeditor5-html-embed/-/ckeditor5-html-embed-36.0.0.tgz#173ff742ea52169e76d67f7fcb4a7202466fdcf0"
  integrity sha512-mb2HGoaOdHFT4pff3yX9qE+FDvxlX8q2On8ETyADEtxU+o0joYEQM8K/F8ZEoAC80TAGuMkl5EQE5lRKG03a0Q==
  dependencies:
    ckeditor5 "^36.0.0"

"@ckeditor/ckeditor5-html-support@^36.0.0":
  version "36.0.0"
  resolved "https://registry.yarnpkg.com/@ckeditor/ckeditor5-html-support/-/ckeditor5-html-support-36.0.0.tgz#4ac473c7d19e1e500a18e1603634a728ce636734"
  integrity sha512-vm8FYR8m+R4J3JH7iaOhFFV+9UU9wDMdUwf5Z1Y3P8I7Bn/sNskXY3WSil42e/G8RozRZm7YJ4ZAUhXOck3WUQ==
  dependencies:
    ckeditor5 "^36.0.0"
    lodash-es "^4.17.15"

"@ckeditor/ckeditor5-image@^36.0.0":
  version "36.0.0"
  resolved "https://registry.yarnpkg.com/@ckeditor/ckeditor5-image/-/ckeditor5-image-36.0.0.tgz#8db5da999324fe91265a2ebb072ec9df0a53e11a"
  integrity sha512-wj7vEkfPFODKTeaTHSnjWox3JqYwDWJcu6IDhugdmwtTlXGg8LSDRXOW2y/Koyz58X5nuhDfJFznoZcdW3EHww==
  dependencies:
    "@ckeditor/ckeditor5-ui" "^36.0.0"
    ckeditor5 "^36.0.0"
    lodash-es "^4.17.15"

"@ckeditor/ckeditor5-indent@^36.0.0":
  version "36.0.0"
  resolved "https://registry.yarnpkg.com/@ckeditor/ckeditor5-indent/-/ckeditor5-indent-36.0.0.tgz#b17ccdd7c1d08d9137c30148150a72fb4e127e91"
  integrity sha512-EwAT4rMf5OpzynM9Jg9BKHSFxzZJ9Fvazn/Uo0hNFFxaCTeFzApvDfOweroaXlxtVXdQClN0z64zJ8m6S++hhA==
  dependencies:
    ckeditor5 "^36.0.0"

"@ckeditor/ckeditor5-language@^36.0.0":
  version "36.0.0"
  resolved "https://registry.yarnpkg.com/@ckeditor/ckeditor5-language/-/ckeditor5-language-36.0.0.tgz#deed9afa5826c8e9adc9e65bd6d6feb39fedebee"
  integrity sha512-wkrA2LoqX8tkrnxQihxypktWwJYvGNxSmj2JiPuZthgU6xFfRyAWCsmBWm5lRf/kOHOmGO52HIuigPsz+iVe+A==
  dependencies:
    ckeditor5 "^36.0.0"

"@ckeditor/ckeditor5-link@^36.0.0":
  version "36.0.0"
  resolved "https://registry.yarnpkg.com/@ckeditor/ckeditor5-link/-/ckeditor5-link-36.0.0.tgz#5447e7b5e02e4aeb741445a8ebb589eb539bf4b5"
  integrity sha512-4FupMbquJ5TyC0ZoiayjPJhcV3DagUkCp95bL9xDLTo2O+oZIDhuETT00kw3B8B42KTRPQIHeLI+j4cjOsQAcQ==
  dependencies:
    "@ckeditor/ckeditor5-ui" "^36.0.0"
    ckeditor5 "^36.0.0"
    lodash-es "^4.17.15"

"@ckeditor/ckeditor5-list@^36.0.0":
  version "36.0.0"
  resolved "https://registry.yarnpkg.com/@ckeditor/ckeditor5-list/-/ckeditor5-list-36.0.0.tgz#f6179ee2df62b438dc5eb2215c701dcfffcc0f79"
  integrity sha512-+j9MI5rZt/gQ52W+94gT5+2PDH1qhgIqpc5txvv4GkxINyUxbryf9IBqL5vt7r+LfyObmGKo2DCNLajGk4kc4g==
  dependencies:
    "@ckeditor/ckeditor5-ui" "^36.0.0"
    ckeditor5 "^36.0.0"

"@ckeditor/ckeditor5-media-embed@^36.0.0":
  version "36.0.0"
  resolved "https://registry.yarnpkg.com/@ckeditor/ckeditor5-media-embed/-/ckeditor5-media-embed-36.0.0.tgz#561de70d47a4a815b2498cffdcb542bf14b6bbc6"
  integrity sha512-vxp1Os55MEgqIBaOu3ko6pjM0tSz86NIByZDPGAI7B3SmBax5sUc+u9XARazpzUKaBbRtKQH7NMqycg+pp+6zw==
  dependencies:
    "@ckeditor/ckeditor5-ui" "^36.0.0"
    ckeditor5 "^36.0.0"

"@ckeditor/ckeditor5-mention@^36.0.0":
  version "36.0.0"
  resolved "https://registry.yarnpkg.com/@ckeditor/ckeditor5-mention/-/ckeditor5-mention-36.0.0.tgz#62c567dbdd38ff0a13f7adfe10a3c2b4023c5f59"
  integrity sha512-PRj4u8h1Mwb82/o8B5GOdfTq36BR5AJnOWFkxAdB6Z0fbkSs09jg93obkh42PFvGhCisrerwESOjt2kthgdOOQ==
  dependencies:
    ckeditor5 "^36.0.0"
    lodash-es "^4.17.15"

"@ckeditor/ckeditor5-page-break@^36.0.0":
  version "36.0.0"
  resolved "https://registry.yarnpkg.com/@ckeditor/ckeditor5-page-break/-/ckeditor5-page-break-36.0.0.tgz#b484229d66e1737a7b9ed954e8286512e04fd6d6"
  integrity sha512-rcnJua9dl0qnPI92N+AayIrtETEiKf/DrCFibqo0lYh5K52US2cAQJrYEj5JJRw+5/r3LKeuF3o5+xOZ3iFdWg==
  dependencies:
    ckeditor5 "^36.0.0"

"@ckeditor/ckeditor5-paragraph@^36.0.0":
  version "36.0.0"
  resolved "https://registry.yarnpkg.com/@ckeditor/ckeditor5-paragraph/-/ckeditor5-paragraph-36.0.0.tgz#7171601c1431339be2b792186e72b5be18fbdf6c"
  integrity sha512-c2jisygJBdixUl2SAlOZNK7s6MksM8QBFojWGrW5/xHTNC+snvMXiED0VZkoJom66psVnmOirttm1rDQRKvbtg==
  dependencies:
    "@ckeditor/ckeditor5-core" "^36.0.0"
    "@ckeditor/ckeditor5-ui" "^36.0.0"
    "@ckeditor/ckeditor5-utils" "^36.0.0"

"@ckeditor/ckeditor5-paste-from-office@^36.0.0":
  version "36.0.0"
  resolved "https://registry.yarnpkg.com/@ckeditor/ckeditor5-paste-from-office/-/ckeditor5-paste-from-office-36.0.0.tgz#6020de7ec7ca6793057051eb48f77b72250875ad"
  integrity sha512-h/iMHKaqf6DZl6XWSujmvFtnQaBBWdeCftxfchG1CqtlFdvAa+LHxPt3va/ZtUtuR4vONHRpsCTFmEGskpsZvw==
  dependencies:
    ckeditor5 "^36.0.0"

"@ckeditor/ckeditor5-react@^5.0.6":
  version "5.0.6"
  resolved "https://registry.yarnpkg.com/@ckeditor/ckeditor5-react/-/ckeditor5-react-5.0.6.tgz#bc48babb9b1cdfed96ac62a0045491950c2ee23f"
  integrity sha512-clfJWCsjYmpLLEaE3094icBOgHY8c+kreHRrZKyhhWeQl7w/FYCln/x/AACwzU0oPrvtRCJRBuZC3C5sC02GPA==
  dependencies:
    prop-types "^15.7.2"

"@ckeditor/ckeditor5-remove-format@^36.0.0":
  version "36.0.0"
  resolved "https://registry.yarnpkg.com/@ckeditor/ckeditor5-remove-format/-/ckeditor5-remove-format-36.0.0.tgz#8f667832875685a951b14a8777083108a6091e11"
  integrity sha512-Q+tDoI1DK79vj4bY5D+WuVtQYre5qiCc9fDOWNcc094RfDfvDWucMHa9r65suOtftlXD4Lh56uAi8yPuHLIZZw==
  dependencies:
    ckeditor5 "^36.0.0"

"@ckeditor/ckeditor5-select-all@^36.0.0":
  version "36.0.0"
  resolved "https://registry.yarnpkg.com/@ckeditor/ckeditor5-select-all/-/ckeditor5-select-all-36.0.0.tgz#b342e7521fdd396c65f1a8c3feeec9f097c73067"
  integrity sha512-F0i3aX0lGbnBSU90HzW27np2g9uwrYHJMXBF62fQd1BHbsC0NKC0B60dRB5dsnwOEG+h8OBAekNedO3OwirDfA==
  dependencies:
    "@ckeditor/ckeditor5-core" "^36.0.0"
    "@ckeditor/ckeditor5-ui" "^36.0.0"
    "@ckeditor/ckeditor5-utils" "^36.0.0"

"@ckeditor/ckeditor5-source-editing@^36.0.0":
  version "36.0.0"
  resolved "https://registry.yarnpkg.com/@ckeditor/ckeditor5-source-editing/-/ckeditor5-source-editing-36.0.0.tgz#8c5f23b3bd8d426cfd515ccd8b99f305adb56c5e"
  integrity sha512-qsp9WeJ5qE/z6X8QgOfIUx7QCU2vP42F4wC88cw4Mwy4qVkY+aSXyZOhg6CE3h8qxatQ4RrDg60sRoCm1dyIUw==
  dependencies:
    "@ckeditor/ckeditor5-theme-lark" "^36.0.0"
    ckeditor5 "^36.0.0"

"@ckeditor/ckeditor5-special-characters@^36.0.0":
  version "36.0.0"
  resolved "https://registry.yarnpkg.com/@ckeditor/ckeditor5-special-characters/-/ckeditor5-special-characters-36.0.0.tgz#f4f1d87f43351c46f33ebe1330ff16f4ffd225b3"
  integrity sha512-5G+dn0+Z70sv/lEPiKl76G/xT0EoRM5bpF8LB4TSTYE9wPhTtZ5y0nUcSlOd+mws2Ye2eVNhcaHOZUmLY3swcg==
  dependencies:
    ckeditor5 "^36.0.0"

"@ckeditor/ckeditor5-style@^36.0.0":
  version "36.0.0"
  resolved "https://registry.yarnpkg.com/@ckeditor/ckeditor5-style/-/ckeditor5-style-36.0.0.tgz#d1d40c39ec2346b6abadf9f90d5e0c2509d5b7fe"
  integrity sha512-PIF2nCewj4shgnnwupmFfwGXh6IUR6Yag6Jg7TYxkF23YEbvYmbZ3YLXZA7Nh/gH6Gfrqfzz09SFCSS3Ja3bAQ==
  dependencies:
    ckeditor5 "^36.0.0"

"@ckeditor/ckeditor5-table@^36.0.0":
  version "36.0.0"
  resolved "https://registry.yarnpkg.com/@ckeditor/ckeditor5-table/-/ckeditor5-table-36.0.0.tgz#5e1a52c4cb6587e07eb619218d2fe595c5a40925"
  integrity sha512-R9YUmHDQIpQphwliFqt8mOt0QAzBx+sjRF8BuLGkzD7Wfj7sapny/uq/sWMhgdw+eZvHoeLFC9wm+9wKtK+MXg==
  dependencies:
    ckeditor5 "^36.0.0"
    lodash-es "^4.17.15"

"@ckeditor/ckeditor5-theme-lark@^36.0.0":
  version "36.0.0"
  resolved "https://registry.yarnpkg.com/@ckeditor/ckeditor5-theme-lark/-/ckeditor5-theme-lark-36.0.0.tgz#5041558e753f96e13306004292a143d902e9383f"
  integrity sha512-NFwtiw0RYVmj3j1qDT6gSCODL/K1U22Ux8VenNEkBGxSyhFcNqVFYUrMTzOMopx9ftYjbo6OtUs8BcFucR1qVA==
  dependencies:
    "@ckeditor/ckeditor5-ui" "^36.0.0"

"@ckeditor/ckeditor5-typing@^36.0.0":
  version "36.0.0"
  resolved "https://registry.yarnpkg.com/@ckeditor/ckeditor5-typing/-/ckeditor5-typing-36.0.0.tgz#164e0043878c0e37eaf782a53d7d04d1b5e5a537"
  integrity sha512-jFYC0M6QR+DhYpfN/UIJk8iSNJRsondk/xrdJ5YPoa4kMfzZCZvL0lcM0knKzxxlSBP28wn9zXvrQFEgCdaGQA==
  dependencies:
    "@ckeditor/ckeditor5-core" "^36.0.0"
    "@ckeditor/ckeditor5-engine" "^36.0.0"
    "@ckeditor/ckeditor5-utils" "^36.0.0"
    lodash-es "^4.17.15"

"@ckeditor/ckeditor5-ui@^36.0.0":
  version "36.0.0"
  resolved "https://registry.yarnpkg.com/@ckeditor/ckeditor5-ui/-/ckeditor5-ui-36.0.0.tgz#a7436bc87898c11f59d3fdf93b97ed6f759b9cde"
  integrity sha512-r7tCKG2VXt9S7S4FvGcvIdNJcijGskfXztg65C9AR1VbwOpP6r6QMgQhd9EtUr2r273PlYxxQ8/i1LXE+RvfGg==
  dependencies:
    "@ckeditor/ckeditor5-core" "^36.0.0"
    "@ckeditor/ckeditor5-utils" "^36.0.0"
    lodash-es "^4.17.15"

"@ckeditor/ckeditor5-undo@^36.0.0":
  version "36.0.0"
  resolved "https://registry.yarnpkg.com/@ckeditor/ckeditor5-undo/-/ckeditor5-undo-36.0.0.tgz#3f9ddcf64b750a26e683feecfaa3bebbefb74dc8"
  integrity sha512-8xgIioHR/CLY/bLzEDV0Eq+qCyKFw01YBMB+mEz10iYBSl/yVFIM+9f4qNh3B6VlutHhweqWZc5sj8fJJq5rxw==
  dependencies:
    "@ckeditor/ckeditor5-core" "^36.0.0"
    "@ckeditor/ckeditor5-engine" "^36.0.0"
    "@ckeditor/ckeditor5-ui" "^36.0.0"

"@ckeditor/ckeditor5-upload@^36.0.0":
  version "36.0.0"
  resolved "https://registry.yarnpkg.com/@ckeditor/ckeditor5-upload/-/ckeditor5-upload-36.0.0.tgz#cc75e7a2da78a7b9bebc90fdfe07086e29b4d239"
  integrity sha512-LkPrR2pMQYBmg1v/hDYVc2HI+eRJl0XCdcfZxZbjryIB8M31oKP0mfEOMpwqfMk5G4dKd9AwRrdL10CEfgj1Gw==
  dependencies:
    "@ckeditor/ckeditor5-core" "^36.0.0"
    "@ckeditor/ckeditor5-ui" "^36.0.0"
    "@ckeditor/ckeditor5-utils" "^36.0.0"

"@ckeditor/ckeditor5-utils@^36.0.0":
  version "36.0.0"
  resolved "https://registry.yarnpkg.com/@ckeditor/ckeditor5-utils/-/ckeditor5-utils-36.0.0.tgz#52fbacf8e0dca62ca8728ffbdf8feec89bfda607"
  integrity sha512-V+i2jsW13Pg9T5SZK9BvoQ3r/SqCNSYYU3Ag4wvzxcgPDmkxifAaIDomw2ePvEt1f+6Aisvhdl0+WHOqwHvMcw==
  dependencies:
    lodash-es "^4.17.15"

"@ckeditor/ckeditor5-widget@^36.0.0":
  version "36.0.0"
  resolved "https://registry.yarnpkg.com/@ckeditor/ckeditor5-widget/-/ckeditor5-widget-36.0.0.tgz#197ccc6259159b0f939beeff976aa2128936b386"
  integrity sha512-dPVThie+0VUsMok8w1VFjhjUE3GtSBOBHOg7J/1PdSzOj/ZhgnkfDULns/oo7txe2+FjQW+npVK8IwsZwMzwLA==
  dependencies:
    "@ckeditor/ckeditor5-core" "^36.0.0"
    "@ckeditor/ckeditor5-engine" "^36.0.0"
    "@ckeditor/ckeditor5-enter" "^36.0.0"
    "@ckeditor/ckeditor5-typing" "^36.0.0"
    "@ckeditor/ckeditor5-ui" "^36.0.0"
    "@ckeditor/ckeditor5-utils" "^36.0.0"
    lodash-es "^4.17.15"

"@ckeditor/ckeditor5-word-count@^36.0.0":
  version "36.0.0"
  resolved "https://registry.yarnpkg.com/@ckeditor/ckeditor5-word-count/-/ckeditor5-word-count-36.0.0.tgz#53f642157ef2d56c477a5dadd7a19bdc621ce5dd"
  integrity sha512-4CsO+emLHKdK6ub6AUx04FcLVpMmjjwIPc05H/Mfj2MJWnw+Fjl5fNiK24Sv9dxF6/TZfRY3v0xMh6iBpTxC/w==
  dependencies:
    ckeditor5 "^36.0.0"
    lodash-es "^4.17.15"

ckeditor5@>=35.4.0, ckeditor5@^36.0.0:
  version "36.0.0"
  resolved "https://registry.yarnpkg.com/ckeditor5/-/ckeditor5-36.0.0.tgz#7076aadfc3644829962d88900d5a9febf273979a"
  integrity sha512-KcQE1d7+Lp0wlhfjPSWko/WhfZldHsVxbQ93Vmw7yRV7GXy4XNjngl/4ocbSCS2je8nzZWuT9hi0pp6bZMs4Ng==
  dependencies:
    "@ckeditor/ckeditor5-clipboard" "^36.0.0"
    "@ckeditor/ckeditor5-core" "^36.0.0"
    "@ckeditor/ckeditor5-engine" "^36.0.0"
    "@ckeditor/ckeditor5-enter" "^36.0.0"
    "@ckeditor/ckeditor5-paragraph" "^36.0.0"
    "@ckeditor/ckeditor5-select-all" "^36.0.0"
    "@ckeditor/ckeditor5-typing" "^36.0.0"
    "@ckeditor/ckeditor5-ui" "^36.0.0"
    "@ckeditor/ckeditor5-undo" "^36.0.0"
    "@ckeditor/ckeditor5-upload" "^36.0.0"
    "@ckeditor/ckeditor5-utils" "^36.0.0"
    "@ckeditor/ckeditor5-widget" "^36.0.0"

deepmerge@^4.2.2:
  version "4.2.2"
  resolved "https://registry.yarnpkg.com/deepmerge/-/deepmerge-4.2.2.tgz#44d2ea3679b8f4d4ffba33f03d865fc1e7bf4955"
  integrity sha512-FJ3UgI4gIl+PHZm53knsuSFpE+nESMr7M4v9QcgB7S63Kj/6WqMiFQJpBBYz1Pt+66bZpP3Q7Lye0Oo9MPKEdg==

dom-serializer@^2.0.0:
  version "2.0.0"
  resolved "https://registry.yarnpkg.com/dom-serializer/-/dom-serializer-2.0.0.tgz#e41b802e1eedf9f6cae183ce5e622d789d7d8e53"
  integrity sha512-wIkAryiqt/nV5EQKqQpo3SToSOV9J0DnbJqwK7Wv/Trc92zIAYZ4FlMu+JPFW1DfGFt81ZTCGgDEabffXeLyJg==
  dependencies:
    domelementtype "^2.3.0"
    domhandler "^5.0.2"
    entities "^4.2.0"

domelementtype@^2.3.0:
  version "2.3.0"
  resolved "https://registry.yarnpkg.com/domelementtype/-/domelementtype-2.3.0.tgz#5c45e8e869952626331d7aab326d01daf65d589d"
  integrity sha512-OLETBj6w0OsagBwdXnPdN0cnMfF9opN69co+7ZrbfPGrdpPVNBUj02spi6B1N7wChLQiPn4CSH/zJvXw56gmHw==

domhandler@^5.0.1, domhandler@^5.0.2:
  version "5.0.3"
  resolved "https://registry.yarnpkg.com/domhandler/-/domhandler-5.0.3.tgz#cc385f7f751f1d1fc650c21374804254538c7d31"
  integrity sha512-cgwlv/1iFQiFnU96XXgROh8xTeetsnJiDsTc7TYCLFd9+/WNkIqPTxiM/8pSd8VIrhXGTf1Ny1q1hquVqDJB5w==
  dependencies:
    domelementtype "^2.3.0"

domutils@^3.0.1:
  version "3.0.1"
  resolved "https://registry.yarnpkg.com/domutils/-/domutils-3.0.1.tgz#696b3875238338cb186b6c0612bd4901c89a4f1c"
  integrity sha512-z08c1l761iKhDFtfXO04C7kTdPBLi41zwOZl00WS8b5eiaebNpY00HKbztwBq+e3vyqWNwWF3mP9YLUeqIrF+Q==
  dependencies:
    dom-serializer "^2.0.0"
    domelementtype "^2.3.0"
    domhandler "^5.0.1"

entities@^4.2.0, entities@^4.3.0:
  version "4.4.0"
  resolved "https://registry.yarnpkg.com/entities/-/entities-4.4.0.tgz#97bdaba170339446495e653cfd2db78962900174"
  integrity sha512-oYp7156SP8LkeGD0GF85ad1X9Ai79WtRsZ2gxJqtBuzH+98YUV6jkHEKlZkMbcrjJjIVJNIDP/3WL9wQkoPbWA==

escape-string-regexp@^4.0.0:
  version "4.0.0"
  resolved "https://registry.yarnpkg.com/escape-string-regexp/-/escape-string-regexp-4.0.0.tgz#14ba83a5d373e3d311e5afca29cf5bfad965bf34"
  integrity sha512-TtpcNJ3XAzx3Gq8sWRzJaVajRs0uVxA2YAkdb1jm2YkPz4G6egUFAyA3n5vtEIZefPk5Wa4UXbKuS5fKkJWdgA==

htmlparser2@^8.0.0:
  version "8.0.1"
  resolved "https://registry.yarnpkg.com/htmlparser2/-/htmlparser2-8.0.1.tgz#abaa985474fcefe269bc761a779b544d7196d010"
  integrity sha512-4lVbmc1diZC7GUJQtRQ5yBAeUCL1exyMwmForWkRLnwyzWBFxN633SALPMGYaWZvKe9j1pRZJpauvmxENSp/EA==
  dependencies:
    domelementtype "^2.3.0"
    domhandler "^5.0.2"
    domutils "^3.0.1"
    entities "^4.3.0"

is-plain-object@^5.0.0:
  version "5.0.0"
  resolved "https://registry.yarnpkg.com/is-plain-object/-/is-plain-object-5.0.0.tgz#4427f50ab3429e9025ea7d52e9043a9ef4159344"
  integrity sha512-VRSzKkbMm5jMDoKLbltAkFQ5Qr7VDiTFGXxYFXXowVj387GeGNOCsOH6Msy00SGZ3Fp84b1Naa1psqgcCIEP5Q==

"js-tokens@^3.0.0 || ^4.0.0":
  version "4.0.0"
  resolved "https://registry.yarnpkg.com/js-tokens/-/js-tokens-4.0.0.tgz#19203fb59991df98e3a287050d4647cdeaf32499"
  integrity sha512-RdJUflcE3cUzKiMqQgsCu06FPu9UdIJO0beYbPhHN4k6apgJtifcoCtT9bcxOpYBtpD2kCM6Sbzg4CausW/PKQ==

lodash-es@^4.17.11, lodash-es@^4.17.15:
  version "4.17.21"
  resolved "https://registry.yarnpkg.com/lodash-es/-/lodash-es-4.17.21.tgz#43e626c46e6591b7750beb2b50117390c609e3ee"
  integrity sha512-mKnC+QJ9pWVzv+C4/U3rRsHapFfHvQFoFB92e52xeyGMcX6/OlIl78je1u8vePzYZSkkogMPJ2yjxxsb89cxyw==

loose-envify@^1.4.0:
  version "1.4.0"
  resolved "https://registry.yarnpkg.com/loose-envify/-/loose-envify-1.4.0.tgz#71ee51fa7be4caec1a63839f7e682d8132d30caf"
  integrity sha512-lyuxPGr/Wfhrlem2CL/UcnUc1zcqKAImBDzukY7Y5F/yQiNdko6+fRLevlw1HgMySw7f611UIY408EtxRSoK3Q==
  dependencies:
    js-tokens "^3.0.0 || ^4.0.0"

nanoid@^3.3.4:
  version "3.3.4"
  resolved "https://registry.yarnpkg.com/nanoid/-/nanoid-3.3.4.tgz#730b67e3cd09e2deacf03c027c81c9d9dbc5e8ab"
  integrity sha512-MqBkQh/OHTS2egovRtLk45wEyNXwF+cokD+1YPf9u5VfJiRdAiRwB2froX5Co9Rh20xs4siNPm8naNotSD6RBw==

object-assign@^4.1.1:
  version "4.1.1"
  resolved "https://registry.yarnpkg.com/object-assign/-/object-assign-4.1.1.tgz#2109adc7965887cfc05cbbd442cac8bfbb360863"
  integrity sha512-rJgTQnkUnH1sFw8yT6VSU3zD3sWmu6sZhIseY8VX+GRu3P6F7Fu+JNDoXfklElbLJSnc3FUQHVe4cU5hj+BcUg==

parse-srcset@^1.0.2:
  version "1.0.2"
  resolved "https://registry.yarnpkg.com/parse-srcset/-/parse-srcset-1.0.2.tgz#f2bd221f6cc970a938d88556abc589caaaa2bde1"
  integrity sha512-/2qh0lav6CmI15FzA3i/2Bzk2zCgQhGMkvhOhKNcBVQ1ldgpbfiNTVslmooUmWJcADi1f1kIeynbDRVzNlfR6Q==

picocolors@^1.0.0:
  version "1.0.0"
  resolved "https://registry.yarnpkg.com/picocolors/-/picocolors-1.0.0.tgz#cb5bdc74ff3f51892236eaf79d68bc44564ab81c"
  integrity sha512-1fygroTLlHu66zi26VoTDv8yRgm0Fccecssto+MhsZ0D/DGW2sm8E8AjW7NU5VVTRt5GxbeZ5qBuJr+HyLYkjQ==

postcss@^8.3.11:
  version "8.4.21"
  resolved "https://registry.yarnpkg.com/postcss/-/postcss-8.4.21.tgz#c639b719a57efc3187b13a1d765675485f4134f4"
  integrity sha512-tP7u/Sn/dVxK2NnruI4H9BG+x+Wxz6oeZ1cJ8P6G/PZY0IKk4k/63TDsQf2kQq3+qoJeLm2kIBUNlZe3zgb4Zg==
  dependencies:
    nanoid "^3.3.4"
    picocolors "^1.0.0"
    source-map-js "^1.0.2"

prop-types@^15.7.2:
  version "15.8.1"
  resolved "https://registry.yarnpkg.com/prop-types/-/prop-types-15.8.1.tgz#67d87bf1a694f48435cf332c24af10214a3140b5"
  integrity sha512-oj87CgZICdulUohogVAR7AjlC0327U4el4L6eAvOqCeudMDVU0NThNaV+b9Df4dXgSP1gXMTnPdhfe/2qDH5cg==
  dependencies:
    loose-envify "^1.4.0"
    object-assign "^4.1.1"
    react-is "^16.13.1"

react-is@^16.13.1:
  version "16.13.1"
  resolved "https://registry.yarnpkg.com/react-is/-/react-is-16.13.1.tgz#789729a4dc36de2999dc156dd6c1d9c18cea56a4"
  integrity sha512-24e6ynE2H+OKt4kqsOvNd8kBpV65zoxbA4BVsEOB3ARVWQki/DHzaUoC5KuON/BiccDaCCTZBuOcfZs70kR8bQ==

sanitize-html@^2.8.1:
  version "2.8.1"
  resolved "https://registry.yarnpkg.com/sanitize-html/-/sanitize-html-2.8.1.tgz#319c4fdba67e1edf35b1fd6d9362210044826d47"
  integrity sha512-qK5neD0SaMxGwVv5txOYv05huC3o6ZAA4h5+7nJJgWMNFUNRjcjLO6FpwAtKzfKCZ0jrG6xTk6eVFskbvOGblg==
  dependencies:
    deepmerge "^4.2.2"
    escape-string-regexp "^4.0.0"
    htmlparser2 "^8.0.0"
    is-plain-object "^5.0.0"
    parse-srcset "^1.0.2"
    postcss "^8.3.11"

source-map-js@^1.0.2:
  version "1.0.2"
  resolved "https://registry.yarnpkg.com/source-map-js/-/source-map-js-1.0.2.tgz#adbc361d9c62df380125e7f161f71c826f1e490c"
  integrity sha512-R0XvVJ9WusLiqTCEiGCmICCMplcCkIwwR11mOSD9CR5u+IXYdiseeEuXCVAjS54zqwkLcPNnmU4OeJ6tUrWhDw==
