# THIS IS AN AUTOGENERATED FILE. DO NOT EDIT THIS FILE DIRECTLY.
# yarn lockfile v1


"@_sh/ckeditor5-font-with-picker@^0.0.1":
  version "0.0.1"
  resolved "https://registry.yarnpkg.com/@_sh/ckeditor5-font-with-picker/-/ckeditor5-font-with-picker-0.0.1.tgz#b028ee569e16f9c12c24ca34de5a67c648345f88"
  integrity sha512-fTz1ic2uqOsZ4FencXYtGf9WA1bD4EAXiINOXBJrmYe2LPDXHIi9g0Ppwwd/BxqNHqI/NohpSdwcr6k3uSzkbg==
  dependencies:
    ckeditor5 ">=35.4.0"

"@ckeditor/ckeditor5-alignment@^39.0.1":
  version "39.0.1"
  resolved "https://registry.yarnpkg.com/@ckeditor/ckeditor5-alignment/-/ckeditor5-alignment-39.0.1.tgz#58a2af5a539d520c7c2d9f3eb94a822f5abbe00c"
  integrity sha512-9p91+xF08uu0c29WIqxpA1MAGw1iDRAD20eABK0X0Yid7Uin2TZqSOZPF860jNkyND+phaVU0O+e7DmjoPUcqg==
  dependencies:
    ckeditor5 "39.0.1"

"@ckeditor/ckeditor5-autoformat@^39.0.1":
  version "39.0.1"
  resolved "https://registry.yarnpkg.com/@ckeditor/ckeditor5-autoformat/-/ckeditor5-autoformat-39.0.1.tgz#ccf12754b121cfcde103068df5ea5a4ae5ada3ca"
  integrity sha512-bPmZU0kRUUXEMR+MoiDuPB5N5gsDWnTweFZqU/J8pGbhIBmgFU0ZfWLOamnWSJA88O4GZ+9S8JoRYN712maZBA==
  dependencies:
    ckeditor5 "39.0.1"

"@ckeditor/ckeditor5-autosave@^39.0.1":
  version "39.0.1"
  resolved "https://registry.yarnpkg.com/@ckeditor/ckeditor5-autosave/-/ckeditor5-autosave-39.0.1.tgz#ff287f16834fc3c0bfe23f58e939d0fdeb21509f"
  integrity sha512-rnsB4iipw6lCsziYFoRYiaZK7FsmnliyTYKCugTdKXHJmz5Lp8hI7A404nX67SRazurrLRe1/vZqAoztXJY3Nw==
  dependencies:
    ckeditor5 "39.0.1"
    lodash-es "4.17.21"

"@ckeditor/ckeditor5-basic-styles@^39.0.1":
  version "39.0.1"
  resolved "https://registry.yarnpkg.com/@ckeditor/ckeditor5-basic-styles/-/ckeditor5-basic-styles-39.0.1.tgz#58251667b1a920c3cb80cf09f46f3247b6460c94"
  integrity sha512-jzNWzxleR+/RNLxgHykVm7MfV/vVlopDJiJNJwV18N8I1CiYcQAyu7iTydmk9vfeYf/kXcrAcyacZj+XqfZU6Q==
  dependencies:
    ckeditor5 "39.0.1"

"@ckeditor/ckeditor5-block-quote@^39.0.1":
  version "39.0.1"
  resolved "https://registry.yarnpkg.com/@ckeditor/ckeditor5-block-quote/-/ckeditor5-block-quote-39.0.1.tgz#37de79172ac5f74c0c0bc7dde1e8c3d4843e32dd"
  integrity sha512-0nJid5HWtBPHn/S8T2gdMNrfsNx99d+mHF55GAGQk/IeaEY0YJofaZXhmOWr5vYerAz+sH+ek9d6BP9Tbo190g==
  dependencies:
    ckeditor5 "39.0.1"

"@ckeditor/ckeditor5-clipboard@39.0.1":
  version "39.0.1"
  resolved "https://registry.yarnpkg.com/@ckeditor/ckeditor5-clipboard/-/ckeditor5-clipboard-39.0.1.tgz#a75862562975af1fa5140a4a333bd6dc55474cb2"
  integrity sha512-OIlIvsiz6YTZM8o1Y1zG9eW9rUx06Bs3rMbMv37kNN1vq145D9h0OQt0iPKw1eXAG387Sk+SWZhO+Um+/O3eGw==
  dependencies:
    "@ckeditor/ckeditor5-core" "39.0.1"
    "@ckeditor/ckeditor5-engine" "39.0.1"
    "@ckeditor/ckeditor5-ui" "39.0.1"
    "@ckeditor/ckeditor5-utils" "39.0.1"
    "@ckeditor/ckeditor5-widget" "39.0.1"
    lodash-es "4.17.21"

"@ckeditor/ckeditor5-clipboard@^36.0.0":
  version "36.0.0"
  resolved "https://registry.yarnpkg.com/@ckeditor/ckeditor5-clipboard/-/ckeditor5-clipboard-36.0.0.tgz#473428a11e877a1bb4a0341435503b5f1748d529"
  integrity sha512-AnxSQQEDsXlHMwEQumbIF9GgBNZzyBafKiHhn90UqAMFF4f8Uk+cmxayf/c4FVTXqTlmh2NpgAVE/BxyJQNSZQ==
  dependencies:
    "@ckeditor/ckeditor5-core" "^36.0.0"
    "@ckeditor/ckeditor5-engine" "^36.0.0"
    "@ckeditor/ckeditor5-utils" "^36.0.0"
    "@ckeditor/ckeditor5-widget" "^36.0.0"
    lodash-es "^4.17.11"

"@ckeditor/ckeditor5-code-block@^39.0.1":
  version "39.0.1"
  resolved "https://registry.yarnpkg.com/@ckeditor/ckeditor5-code-block/-/ckeditor5-code-block-39.0.1.tgz#6e9823f92b834f3069d5f5437aac39dd6a22082c"
  integrity sha512-WLBl4W9/8uxqltOKPIsP1ZRqb8fdivP28Vb3JjMX3iHnNr+5cfGpTRrqhvT0Xtk6pRmZTa7okkitofI0/JHz8w==
  dependencies:
    ckeditor5 "39.0.1"

"@ckeditor/ckeditor5-core@39.0.1":
  version "39.0.1"
  resolved "https://registry.yarnpkg.com/@ckeditor/ckeditor5-core/-/ckeditor5-core-39.0.1.tgz#641106b77af7c5b4f0bc0ab66b4174a357eb30c4"
  integrity sha512-3hva3sRdDS2TLDhQNKgnJmpdXhuaod5tooDI/vnaiK+kduqy3nPuWI0qHtFpMhe7dlQWPZSI9ZhS/7cfFQ4CUg==
  dependencies:
    "@ckeditor/ckeditor5-engine" "39.0.1"
    "@ckeditor/ckeditor5-utils" "39.0.1"
    lodash-es "4.17.21"

"@ckeditor/ckeditor5-core@^36.0.0":
  version "36.0.0"
  resolved "https://registry.yarnpkg.com/@ckeditor/ckeditor5-core/-/ckeditor5-core-36.0.0.tgz#f4626997479aab98ef4309b9958ae21edb335512"
  integrity sha512-9UcIryXrbLL+2FGsKiD64mluy09AOmCm4NrfSGAjJa2SHdEGBPvbqXFeyXLuJwiHshQUqgXCqMWHC1HYTMKFoQ==
  dependencies:
    "@ckeditor/ckeditor5-engine" "^36.0.0"
    "@ckeditor/ckeditor5-utils" "^36.0.0"
    lodash-es "^4.17.15"

"@ckeditor/ckeditor5-easy-image@^39.0.1":
  version "39.0.1"
  resolved "https://registry.yarnpkg.com/@ckeditor/ckeditor5-easy-image/-/ckeditor5-easy-image-39.0.1.tgz#031a361355957bb5fc48b6717deed69c57098f90"
  integrity sha512-kzxE73/GFLWVZZGbAW9avjnAvRG1aYnIIot0E66uK7afe7WTnyQCvMzXmzqsXyTFT/AI4sBXNMVZoC3GvCeMxQ==
  dependencies:
    ckeditor5 "39.0.1"

"@ckeditor/ckeditor5-editor-classic@^39.0.1":
  version "39.0.1"
  resolved "https://registry.yarnpkg.com/@ckeditor/ckeditor5-editor-classic/-/ckeditor5-editor-classic-39.0.1.tgz#81859728cf726ed136882c42f9fef8c3e4c15099"
  integrity sha512-d+mQk8MbL/lymnq+4MhWQm4eMBJ5JOKo8gOyFHNCkGvKKNpwHqjs2zmzdelNMTkXXQtCsevNJSLbRcV+XXwlqg==
  dependencies:
    ckeditor5 "39.0.1"
    lodash-es "4.17.21"

"@ckeditor/ckeditor5-engine@39.0.1":
  version "39.0.1"
  resolved "https://registry.yarnpkg.com/@ckeditor/ckeditor5-engine/-/ckeditor5-engine-39.0.1.tgz#db773e6fb2ab07facafa817e6fcfc464f904fb76"
  integrity sha512-QWyx1vO7+UO3rVIx9o1M7q05ghu1T+E4ugnzlcjLx+TiRLBH280M5RmxZ5gE8HjTSIabGDK1M0kmskL+wl2nDw==
  dependencies:
    "@ckeditor/ckeditor5-utils" "39.0.1"
    lodash-es "4.17.21"

"@ckeditor/ckeditor5-engine@^36.0.0":
  version "36.0.0"
  resolved "https://registry.yarnpkg.com/@ckeditor/ckeditor5-engine/-/ckeditor5-engine-36.0.0.tgz#b6903ae35a696a9f13391c4e973f008ad8bba5e4"
  integrity sha512-2Cg2XEWlXjHa6KPlEgpY7jpXjPFSXVEpCsg5v8pXb85UnyP3gnK1mbFo/CsKHisnEWXNdsm5PfExZbMj121Y/w==
  dependencies:
    "@ckeditor/ckeditor5-utils" "^36.0.0"
    lodash-es "^4.17.15"

"@ckeditor/ckeditor5-enter@39.0.1":
  version "39.0.1"
  resolved "https://registry.yarnpkg.com/@ckeditor/ckeditor5-enter/-/ckeditor5-enter-39.0.1.tgz#e25c63290b3781112402840839ce8d8e050fe89e"
  integrity sha512-4gF0CFbEgZowQGmcyKP9KKBKOk67bdQIP5y71QvDgP6rUdbOQ5NDAS3FKis6a2Aubhtg92BO4QC6tZADPiW3hA==
  dependencies:
    "@ckeditor/ckeditor5-core" "39.0.1"
    "@ckeditor/ckeditor5-engine" "39.0.1"
    "@ckeditor/ckeditor5-utils" "39.0.1"

"@ckeditor/ckeditor5-enter@^36.0.0":
  version "36.0.0"
  resolved "https://registry.yarnpkg.com/@ckeditor/ckeditor5-enter/-/ckeditor5-enter-36.0.0.tgz#fa4b4425e2997559455298d92a075f245dba27e8"
  integrity sha512-dYAge/4T/R+s/P8Zr2MV+AK4ok2tBKy4dYzitTF1P1HuY1rKAdGJHeXjYqqqi2Qee7MW7JK1kMyhv2c1b1hcog==
  dependencies:
    "@ckeditor/ckeditor5-core" "^36.0.0"
    "@ckeditor/ckeditor5-engine" "^36.0.0"

"@ckeditor/ckeditor5-essentials@^39.0.1":
  version "39.0.1"
  resolved "https://registry.yarnpkg.com/@ckeditor/ckeditor5-essentials/-/ckeditor5-essentials-39.0.1.tgz#b3c9f8e365a5133be69e32a6ddf783f21058b9d4"
  integrity sha512-91YQ7x48LCsbezyji1QxCSUAMPH3aAq6vKgjblujvePQfcssesgBg/j7SDUOfH307bpgqQVTTxuPKHdjdWq7DA==
  dependencies:
    ckeditor5 "39.0.1"

"@ckeditor/ckeditor5-find-and-replace@^39.0.1":
  version "39.0.1"
  resolved "https://registry.yarnpkg.com/@ckeditor/ckeditor5-find-and-replace/-/ckeditor5-find-and-replace-39.0.1.tgz#b7cf8c7704717b911feaaeb5b3aa351369a6b10a"
  integrity sha512-b7pHyBOykjCHaZR/mg3LnlCXCcRccH0IapUD36462F+ZApe4TpOsd5Gi58cb7GIIYugZFTU6zzcPM/uwfeBSyw==
  dependencies:
    "@ckeditor/ckeditor5-ui" "39.0.1"
    ckeditor5 "39.0.1"
    lodash-es "4.17.21"

"@ckeditor/ckeditor5-heading@^39.0.1":
  version "39.0.1"
  resolved "https://registry.yarnpkg.com/@ckeditor/ckeditor5-heading/-/ckeditor5-heading-39.0.1.tgz#0ac83ae203cc3bc36cbbd1fbfa261e5f9897335d"
  integrity sha512-Ego+eKIUJcEImDMae4on1SsCZZGwsTnOXZYoCb4TxGWjF6gJbtNytE2bn6O3Vj6PNcQDW0rPEtf/o6T0GMQzMQ==
  dependencies:
    ckeditor5 "39.0.1"

"@ckeditor/ckeditor5-highlight@^39.0.1":
  version "39.0.1"
  resolved "https://registry.yarnpkg.com/@ckeditor/ckeditor5-highlight/-/ckeditor5-highlight-39.0.1.tgz#c97e6cd3cdb87035d28e8fd4b04469a50d016ef2"
  integrity sha512-phHfow/77MEALu8nkCZbf3p+wzwSe1uajZ58d88KTrR1vAe2tyHWVNhTa+fNt+FjKO4PYYuL4xoQ2oBaBG3OIA==
  dependencies:
    ckeditor5 "39.0.1"

"@ckeditor/ckeditor5-horizontal-line@^39.0.1":
  version "39.0.1"
  resolved "https://registry.yarnpkg.com/@ckeditor/ckeditor5-horizontal-line/-/ckeditor5-horizontal-line-39.0.1.tgz#78142ec320240dd50fa9b30d9da5b8e3553d7e5a"
  integrity sha512-tWGJ7YPhGIoZ2k4UEFQkH9/PoDgk7TOT8m8dup7bG6f/Pp8lCZdVTymL0ka5c/z2nfNtHt1kQ3LphAKm3j/lxA==
  dependencies:
    ckeditor5 "39.0.1"

"@ckeditor/ckeditor5-html-embed@^39.0.1":
  version "39.0.1"
  resolved "https://registry.yarnpkg.com/@ckeditor/ckeditor5-html-embed/-/ckeditor5-html-embed-39.0.1.tgz#39ecd44aaa280c17208486b88f54737ab9a0227a"
  integrity sha512-FN5nkhUz0Av4i30ISEM9WpAA0qqUjGq46FVgob90rCimRAAfKtDFJZqqPuKYIR59TWI1ixMRKRcgT6/zuIkocQ==
  dependencies:
    ckeditor5 "39.0.1"

"@ckeditor/ckeditor5-html-support@^39.0.1":
  version "39.0.1"
  resolved "https://registry.yarnpkg.com/@ckeditor/ckeditor5-html-support/-/ckeditor5-html-support-39.0.1.tgz#70e59f6e84cf5d5af7c808ca83c96f4ed92359ed"
  integrity sha512-bWqRzA7eWxljyLICFlGc3dX02LbaiCC5FXXJoQsPMU+cg4a9T4n0oVghS3z1lGuaiofqkh+sSqkFI877qqXpDA==
  dependencies:
    ckeditor5 "39.0.1"
    lodash-es "4.17.21"

"@ckeditor/ckeditor5-image@^39.0.1":
  version "39.0.1"
  resolved "https://registry.yarnpkg.com/@ckeditor/ckeditor5-image/-/ckeditor5-image-39.0.1.tgz#dabb348a8016eb569040c0a226862fc49870f09a"
  integrity sha512-7GmzgsWQZrbAXvvfD/qXBoZEd5vaxsPTXfZldL6Z99T67s8be06N+8jfvzSrQhEv/2NT5OWRQJoIi5r0OJSaOA==
  dependencies:
    "@ckeditor/ckeditor5-ui" "39.0.1"
    ckeditor5 "39.0.1"
    lodash-es "4.17.21"

"@ckeditor/ckeditor5-indent@^39.0.1":
  version "39.0.1"
  resolved "https://registry.yarnpkg.com/@ckeditor/ckeditor5-indent/-/ckeditor5-indent-39.0.1.tgz#b68e304150c07f1b566fc630b5465dbbb4388a70"
  integrity sha512-XDG1G2r0adr/mv24cjnyKbiKrY9eiHDTDRVeDFRz8CqX1GgCaNz5thJxkYb5PdWsCW+6Zek6iu2PIRWJ3TAY2Q==
  dependencies:
    ckeditor5 "39.0.1"

"@ckeditor/ckeditor5-language@^39.0.1":
  version "39.0.1"
  resolved "https://registry.yarnpkg.com/@ckeditor/ckeditor5-language/-/ckeditor5-language-39.0.1.tgz#087626475cf00f6f9acb576fbb2c0e507a0e0978"
  integrity sha512-/sR+41rWc2hzxttqTkR/U02zcUbYM3dNT6n1tysleBxIyKHmW4jL3F5ixxEP4i6MWktNWkhmxexl47nVG+iPXQ==
  dependencies:
    ckeditor5 "39.0.1"

"@ckeditor/ckeditor5-link@^39.0.1":
  version "39.0.1"
  resolved "https://registry.yarnpkg.com/@ckeditor/ckeditor5-link/-/ckeditor5-link-39.0.1.tgz#303716f8d1b09bb42939e91410591aef5e01f714"
  integrity sha512-P9ZO7JihRhVUKyvE0rcBjEwlN4ZKFpBCeWimL5yM05L047FNb5yXQecmQfMDDpgYQl3Ggsm07QuWo/uG/0j/mQ==
  dependencies:
    "@ckeditor/ckeditor5-ui" "39.0.1"
    ckeditor5 "39.0.1"
    lodash-es "4.17.21"

"@ckeditor/ckeditor5-list@^39.0.1":
  version "39.0.1"
  resolved "https://registry.yarnpkg.com/@ckeditor/ckeditor5-list/-/ckeditor5-list-39.0.1.tgz#622ecb27c54e967a376cbd11c08adbfd958f8d85"
  integrity sha512-LwTWtTIrWZl0GBM1mPPrSrMV8/F2772Ef0yKHO2Dozy9AlhSiEunmLd9Y+3fHCQZJBPhAD2Km1NsRKCQd9UhsQ==
  dependencies:
    "@ckeditor/ckeditor5-ui" "39.0.1"
    ckeditor5 "39.0.1"

"@ckeditor/ckeditor5-media-embed@^39.0.1":
  version "39.0.1"
  resolved "https://registry.yarnpkg.com/@ckeditor/ckeditor5-media-embed/-/ckeditor5-media-embed-39.0.1.tgz#61c9dffa95947e192d1a0eaa10058f260ccab742"
  integrity sha512-nTluv2Yuq/FyP/17SpHlRCR/F/sDrSa7RIAcZ6o7wwFM5vcEb/OIf2ysESi405oGnI3NIt5MdPBJVVpjA78x+A==
  dependencies:
    "@ckeditor/ckeditor5-ui" "39.0.1"
    ckeditor5 "39.0.1"

"@ckeditor/ckeditor5-mention@^39.0.1":
  version "39.0.1"
  resolved "https://registry.yarnpkg.com/@ckeditor/ckeditor5-mention/-/ckeditor5-mention-39.0.1.tgz#31baf36a02de8bfd570b00925e027d81374c1ef9"
  integrity sha512-fhDc87Ml6W7xX+CwuL5u4amx6UhGTElnvuVRYMkoTjC1s+7ZRfGlEOuFOjo4jIVvIAhzqRJ2sGm7ulqBcgwRvw==
  dependencies:
    ckeditor5 "39.0.1"
    lodash-es "4.17.21"

"@ckeditor/ckeditor5-page-break@^39.0.1":
  version "39.0.1"
  resolved "https://registry.yarnpkg.com/@ckeditor/ckeditor5-page-break/-/ckeditor5-page-break-39.0.1.tgz#e33452481b1df0f448658b0082d85693efad9eeb"
  integrity sha512-XW6gtVIdrHnGxoTCRh59VSxCD5EAweptM25HmyoRoiDeMB7Uh6vEY1wPBaAbL5sxNMKJcbxmvPojOGwz0VZXzQ==
  dependencies:
    ckeditor5 "39.0.1"

"@ckeditor/ckeditor5-paragraph@39.0.1", "@ckeditor/ckeditor5-paragraph@^39.0.1":
  version "39.0.1"
  resolved "https://registry.yarnpkg.com/@ckeditor/ckeditor5-paragraph/-/ckeditor5-paragraph-39.0.1.tgz#781033a93cab198ae41ea19e35395eb0700cac20"
  integrity sha512-zKYtpka2X8uR6bTiCXecwl86XKQ8ngk7Hm3UkmptDSfBDOp9PpFCeA3i8m1soFvT2OcdxQYbuAcd9TwoV/HY0g==
  dependencies:
    "@ckeditor/ckeditor5-core" "39.0.1"
    "@ckeditor/ckeditor5-ui" "39.0.1"
    "@ckeditor/ckeditor5-utils" "39.0.1"

"@ckeditor/ckeditor5-paragraph@^36.0.0":
  version "36.0.0"
  resolved "https://registry.yarnpkg.com/@ckeditor/ckeditor5-paragraph/-/ckeditor5-paragraph-36.0.0.tgz#7171601c1431339be2b792186e72b5be18fbdf6c"
  integrity sha512-c2jisygJBdixUl2SAlOZNK7s6MksM8QBFojWGrW5/xHTNC+snvMXiED0VZkoJom66psVnmOirttm1rDQRKvbtg==
  dependencies:
    "@ckeditor/ckeditor5-core" "^36.0.0"
    "@ckeditor/ckeditor5-ui" "^36.0.0"
    "@ckeditor/ckeditor5-utils" "^36.0.0"

"@ckeditor/ckeditor5-paste-from-office@^39.0.1":
  version "39.0.1"
  resolved "https://registry.yarnpkg.com/@ckeditor/ckeditor5-paste-from-office/-/ckeditor5-paste-from-office-39.0.1.tgz#81e47423b24d2997c17269f235be73943349b3c6"
  integrity sha512-KZ/CVViMyHTpNlgORngcDinpheuV+Vp3Wl9afgjvVyBE0vtJPh6mDd+6uxMgC1oZN76FfIze03HJoAMyabGQpA==
  dependencies:
    ckeditor5 "39.0.1"

"@ckeditor/ckeditor5-react@^5.0.6":
  version "5.0.6"
  resolved "https://registry.yarnpkg.com/@ckeditor/ckeditor5-react/-/ckeditor5-react-5.0.6.tgz#bc48babb9b1cdfed96ac62a0045491950c2ee23f"
  integrity sha512-clfJWCsjYmpLLEaE3094icBOgHY8c+kreHRrZKyhhWeQl7w/FYCln/x/AACwzU0oPrvtRCJRBuZC3C5sC02GPA==
  dependencies:
    prop-types "^15.7.2"

"@ckeditor/ckeditor5-remove-format@^39.0.1":
  version "39.0.1"
  resolved "https://registry.yarnpkg.com/@ckeditor/ckeditor5-remove-format/-/ckeditor5-remove-format-39.0.1.tgz#90b4a21f1bf9859faf511a754d904f7c0445d0e5"
  integrity sha512-UpBY3/UHSdcQGTQscMzNdpTj3n9hCfAwAH22yofDQwF3WfwPcGMdheiHv5ASMYwjN0zKeU4mME6BBAbVX7DGUQ==
  dependencies:
    ckeditor5 "39.0.1"

"@ckeditor/ckeditor5-select-all@39.0.1":
  version "39.0.1"
  resolved "https://registry.yarnpkg.com/@ckeditor/ckeditor5-select-all/-/ckeditor5-select-all-39.0.1.tgz#857afcbb7974914d0f079c2e3a54c15d4279c93a"
  integrity sha512-Q4BwezfYmZEwODecoxXc2+2UNUkx/Gu5n7jZH/2kKNBVFwb3iVIun9tj5Q1+093FKjmLA46maYsG5HIG6eArTg==
  dependencies:
    "@ckeditor/ckeditor5-core" "39.0.1"
    "@ckeditor/ckeditor5-ui" "39.0.1"
    "@ckeditor/ckeditor5-utils" "39.0.1"

"@ckeditor/ckeditor5-select-all@^36.0.0":
  version "36.0.0"
  resolved "https://registry.yarnpkg.com/@ckeditor/ckeditor5-select-all/-/ckeditor5-select-all-36.0.0.tgz#b342e7521fdd396c65f1a8c3feeec9f097c73067"
  integrity sha512-F0i3aX0lGbnBSU90HzW27np2g9uwrYHJMXBF62fQd1BHbsC0NKC0B60dRB5dsnwOEG+h8OBAekNedO3OwirDfA==
  dependencies:
    "@ckeditor/ckeditor5-core" "^36.0.0"
    "@ckeditor/ckeditor5-ui" "^36.0.0"
    "@ckeditor/ckeditor5-utils" "^36.0.0"

"@ckeditor/ckeditor5-source-editing@^39.0.1":
  version "39.0.1"
  resolved "https://registry.yarnpkg.com/@ckeditor/ckeditor5-source-editing/-/ckeditor5-source-editing-39.0.1.tgz#c1dd151bdd0bbb564dc017fc758c645ffd299896"
  integrity sha512-Gat7616vLB3R1M53fWCDN9HD8KVLgK43ybEcUnWBpkzO5HeCKIKOsriaTbnHUuBuAfJn2cP3W49jlLUmkwmiIw==
  dependencies:
    "@ckeditor/ckeditor5-theme-lark" "39.0.1"
    ckeditor5 "39.0.1"

"@ckeditor/ckeditor5-special-characters@^39.0.1":
  version "39.0.1"
  resolved "https://registry.yarnpkg.com/@ckeditor/ckeditor5-special-characters/-/ckeditor5-special-characters-39.0.1.tgz#ead5abf2623fdb0e396782cd449b0c1d391bb91d"
  integrity sha512-BIFmGCAJ8Gmk3BhuAZ53vOVJpaJnuV8HcGShnKo+pc8Drnk0BuWBgDH3wERV1QcdM3MUYtQHbUD+X8dGU8BPkQ==
  dependencies:
    ckeditor5 "39.0.1"

"@ckeditor/ckeditor5-style@^39.0.1":
  version "39.0.1"
  resolved "https://registry.yarnpkg.com/@ckeditor/ckeditor5-style/-/ckeditor5-style-39.0.1.tgz#9fc320fd937842fb723b2bc44bf97ca5f3c53719"
  integrity sha512-I1jvOtgBFEKM4pI0OkreCARt8VGxBLqo8estjTpoMqdcJWN9/wyYaM0wzLtS9t5SP3L2LUQSYAvYQgJRExJg/w==
  dependencies:
    ckeditor5 "39.0.1"
    lodash-es "4.17.21"

"@ckeditor/ckeditor5-table@^39.0.1":
  version "39.0.1"
  resolved "https://registry.yarnpkg.com/@ckeditor/ckeditor5-table/-/ckeditor5-table-39.0.1.tgz#99fa4028e042c03dcf76544f53ec6ea8dc148aed"
  integrity sha512-4q4nU36fM6G5zpHrtCPu5LJSmHBs9Bh7g41/rlLHljx6xIs0Ke66CIWizUP3iIce3G0lTVwqAyUTE6GsqJRmmA==
  dependencies:
    ckeditor5 "39.0.1"
    lodash-es "4.17.21"

"@ckeditor/ckeditor5-theme-lark@39.0.1", "@ckeditor/ckeditor5-theme-lark@^39.0.1":
  version "39.0.1"
  resolved "https://registry.yarnpkg.com/@ckeditor/ckeditor5-theme-lark/-/ckeditor5-theme-lark-39.0.1.tgz#0b95cd249b0eb2b16243acd3e530c94e78736733"
  integrity sha512-nqiHbsQpTJ1ZlFk8HpBdkYaS/uhhts+mbWEV/4X+gic4ELI6S+eIkeg5vMEhtYyICJ69I2qc0KY2ehqeBMvoiQ==
  dependencies:
    "@ckeditor/ckeditor5-ui" "39.0.1"

"@ckeditor/ckeditor5-typing@39.0.1", "@ckeditor/ckeditor5-typing@^39.0.1":
  version "39.0.1"
  resolved "https://registry.yarnpkg.com/@ckeditor/ckeditor5-typing/-/ckeditor5-typing-39.0.1.tgz#08c8880bf2486686b826fae60c5ebde98c346c60"
  integrity sha512-bfMGH3IKj8LdhzfMpfOFUlnCPkpGQhl1HN2oF2g7EViOfuDKM4A2GboUIEqRP2C3tkwtHK5zM55Rdbd71DAQPQ==
  dependencies:
    "@ckeditor/ckeditor5-core" "39.0.1"
    "@ckeditor/ckeditor5-engine" "39.0.1"
    "@ckeditor/ckeditor5-utils" "39.0.1"
    lodash-es "4.17.21"

"@ckeditor/ckeditor5-typing@^36.0.0":
  version "36.0.0"
  resolved "https://registry.yarnpkg.com/@ckeditor/ckeditor5-typing/-/ckeditor5-typing-36.0.0.tgz#164e0043878c0e37eaf782a53d7d04d1b5e5a537"
  integrity sha512-jFYC0M6QR+DhYpfN/UIJk8iSNJRsondk/xrdJ5YPoa4kMfzZCZvL0lcM0knKzxxlSBP28wn9zXvrQFEgCdaGQA==
  dependencies:
    "@ckeditor/ckeditor5-core" "^36.0.0"
    "@ckeditor/ckeditor5-engine" "^36.0.0"
    "@ckeditor/ckeditor5-utils" "^36.0.0"
    lodash-es "^4.17.15"

"@ckeditor/ckeditor5-ui@39.0.1":
  version "39.0.1"
  resolved "https://registry.yarnpkg.com/@ckeditor/ckeditor5-ui/-/ckeditor5-ui-39.0.1.tgz#8d6090abc80688866b9f63b997bee246da454527"
  integrity sha512-6mBZNfMVSjyNb3HHyjJFwrR2rvmTuH1JSc+ebuulw5knYQmDaeCaS4tiYmOVcGGz/WcrAYRQAtSGrfZmuLesMQ==
  dependencies:
    "@ckeditor/ckeditor5-core" "39.0.1"
    "@ckeditor/ckeditor5-utils" "39.0.1"
    color-convert "2.0.1"
    color-parse "1.4.2"
    lodash-es "4.17.21"
    vanilla-colorful "0.7.2"

"@ckeditor/ckeditor5-ui@^36.0.0":
  version "36.0.0"
  resolved "https://registry.yarnpkg.com/@ckeditor/ckeditor5-ui/-/ckeditor5-ui-36.0.0.tgz#a7436bc87898c11f59d3fdf93b97ed6f759b9cde"
  integrity sha512-r7tCKG2VXt9S7S4FvGcvIdNJcijGskfXztg65C9AR1VbwOpP6r6QMgQhd9EtUr2r273PlYxxQ8/i1LXE+RvfGg==
  dependencies:
    "@ckeditor/ckeditor5-core" "^36.0.0"
    "@ckeditor/ckeditor5-utils" "^36.0.0"
    lodash-es "^4.17.15"

"@ckeditor/ckeditor5-undo@39.0.1":
  version "39.0.1"
  resolved "https://registry.yarnpkg.com/@ckeditor/ckeditor5-undo/-/ckeditor5-undo-39.0.1.tgz#65630e8a725e92cbf2d574ad5f6f4dc2ee2fd4fd"
  integrity sha512-fgI5zNylzuiT2EitHm9ZVaAXB27JxOmONe51tSe9aUQoUkFLHau0HJfTNpKgHQTEPXMxhUPzH09xvj7QEc94Pg==
  dependencies:
    "@ckeditor/ckeditor5-core" "39.0.1"
    "@ckeditor/ckeditor5-engine" "39.0.1"
    "@ckeditor/ckeditor5-ui" "39.0.1"

"@ckeditor/ckeditor5-undo@^36.0.0":
  version "36.0.0"
  resolved "https://registry.yarnpkg.com/@ckeditor/ckeditor5-undo/-/ckeditor5-undo-36.0.0.tgz#3f9ddcf64b750a26e683feecfaa3bebbefb74dc8"
  integrity sha512-8xgIioHR/CLY/bLzEDV0Eq+qCyKFw01YBMB+mEz10iYBSl/yVFIM+9f4qNh3B6VlutHhweqWZc5sj8fJJq5rxw==
  dependencies:
    "@ckeditor/ckeditor5-core" "^36.0.0"
    "@ckeditor/ckeditor5-engine" "^36.0.0"
    "@ckeditor/ckeditor5-ui" "^36.0.0"

"@ckeditor/ckeditor5-upload@39.0.1", "@ckeditor/ckeditor5-upload@^39.0.1":
  version "39.0.1"
  resolved "https://registry.yarnpkg.com/@ckeditor/ckeditor5-upload/-/ckeditor5-upload-39.0.1.tgz#a5d0d4d1102b2192b605b5708368cda1045b0c34"
  integrity sha512-VVVWErIHRnw5kw00t8OYLxHDgSE1ywtoy/Zih0GJVxe882jIfajPj7KdZUjylfZuPeQnp1kAIpoe+WX3scvxFQ==
  dependencies:
    "@ckeditor/ckeditor5-core" "39.0.1"
    "@ckeditor/ckeditor5-ui" "39.0.1"
    "@ckeditor/ckeditor5-utils" "39.0.1"

"@ckeditor/ckeditor5-upload@^36.0.0":
  version "36.0.0"
  resolved "https://registry.yarnpkg.com/@ckeditor/ckeditor5-upload/-/ckeditor5-upload-36.0.0.tgz#cc75e7a2da78a7b9bebc90fdfe07086e29b4d239"
  integrity sha512-LkPrR2pMQYBmg1v/hDYVc2HI+eRJl0XCdcfZxZbjryIB8M31oKP0mfEOMpwqfMk5G4dKd9AwRrdL10CEfgj1Gw==
  dependencies:
    "@ckeditor/ckeditor5-core" "^36.0.0"
    "@ckeditor/ckeditor5-ui" "^36.0.0"
    "@ckeditor/ckeditor5-utils" "^36.0.0"

"@ckeditor/ckeditor5-utils@39.0.1":
  version "39.0.1"
  resolved "https://registry.yarnpkg.com/@ckeditor/ckeditor5-utils/-/ckeditor5-utils-39.0.1.tgz#9e1c7e3d1869bd6e4421b1b580b2a7bd90038ef3"
  integrity sha512-lQ+1h4FgUScEdk547uCzfdvajFigVt4u0mRw1m9TtJ3B2GiatwRvst8TZEuWl8aFrIHjQ/gho66QIElJi/6+CA==
  dependencies:
    lodash-es "4.17.21"

"@ckeditor/ckeditor5-utils@^36.0.0":
  version "36.0.0"
  resolved "https://registry.yarnpkg.com/@ckeditor/ckeditor5-utils/-/ckeditor5-utils-36.0.0.tgz#52fbacf8e0dca62ca8728ffbdf8feec89bfda607"
  integrity sha512-V+i2jsW13Pg9T5SZK9BvoQ3r/SqCNSYYU3Ag4wvzxcgPDmkxifAaIDomw2ePvEt1f+6Aisvhdl0+WHOqwHvMcw==
  dependencies:
    lodash-es "^4.17.15"

"@ckeditor/ckeditor5-watchdog@39.0.1":
  version "39.0.1"
  resolved "https://registry.yarnpkg.com/@ckeditor/ckeditor5-watchdog/-/ckeditor5-watchdog-39.0.1.tgz#b50d01aac5c2fe6162918a6ea3f34dd9318766f3"
  integrity sha512-f5Uo0RdcbeKGs0gmBm8Y8c+Z9YgcjqX7ai4vdcw8HIEc0vCeEanPt816V53nLZ3LbPgez8LeWluR7VlzoxKO+g==
  dependencies:
    lodash-es "4.17.21"

"@ckeditor/ckeditor5-widget@39.0.1":
  version "39.0.1"
  resolved "https://registry.yarnpkg.com/@ckeditor/ckeditor5-widget/-/ckeditor5-widget-39.0.1.tgz#4b7be217e03f56f5ba7cfb76f853e2062366496f"
  integrity sha512-rd4ojJcdZQJttrrDogycDa+sb/rtKu9sU7G0+QEoJZXD25WjxIEgjyOoIqfv2UZZrZDX/0u8dviGhPbcbQEEnw==
  dependencies:
    "@ckeditor/ckeditor5-core" "39.0.1"
    "@ckeditor/ckeditor5-engine" "39.0.1"
    "@ckeditor/ckeditor5-enter" "39.0.1"
    "@ckeditor/ckeditor5-typing" "39.0.1"
    "@ckeditor/ckeditor5-ui" "39.0.1"
    "@ckeditor/ckeditor5-utils" "39.0.1"
    lodash-es "4.17.21"

"@ckeditor/ckeditor5-widget@^36.0.0":
  version "36.0.0"
  resolved "https://registry.yarnpkg.com/@ckeditor/ckeditor5-widget/-/ckeditor5-widget-36.0.0.tgz#197ccc6259159b0f939beeff976aa2128936b386"
  integrity sha512-dPVThie+0VUsMok8w1VFjhjUE3GtSBOBHOg7J/1PdSzOj/ZhgnkfDULns/oo7txe2+FjQW+npVK8IwsZwMzwLA==
  dependencies:
    "@ckeditor/ckeditor5-core" "^36.0.0"
    "@ckeditor/ckeditor5-engine" "^36.0.0"
    "@ckeditor/ckeditor5-enter" "^36.0.0"
    "@ckeditor/ckeditor5-typing" "^36.0.0"
    "@ckeditor/ckeditor5-ui" "^36.0.0"
    "@ckeditor/ckeditor5-utils" "^36.0.0"
    lodash-es "^4.17.15"

"@ckeditor/ckeditor5-word-count@^39.0.1":
  version "39.0.1"
  resolved "https://registry.yarnpkg.com/@ckeditor/ckeditor5-word-count/-/ckeditor5-word-count-39.0.1.tgz#662bafe4512e24dc82b039225e39baa7e328b16b"
  integrity sha512-muh5+pXqFCAgXT8GiMNLV+ZO935nO9fTeLKi1ftAW9AD5xDeO3IyHiyGUX5LqwW1tt34MGylxIPWDkzmapUB/Q==
  dependencies:
    ckeditor5 "39.0.1"
    lodash-es "4.17.21"

ckeditor5@39.0.1, ckeditor5@^39.0.1:
  version "39.0.1"
  resolved "https://registry.yarnpkg.com/ckeditor5/-/ckeditor5-39.0.1.tgz#0e94059bc10331deb6277eab428b01188417bed7"
  integrity sha512-KU6P0U9HQdsj7YBNZyG72ii+LNjIuWqxwdhlcd+QN11urQSDzoC6OjnqtDZ2Q3dQvwYf2aN9kDwUA9ElQ1krIg==
  dependencies:
    "@ckeditor/ckeditor5-clipboard" "39.0.1"
    "@ckeditor/ckeditor5-core" "39.0.1"
    "@ckeditor/ckeditor5-engine" "39.0.1"
    "@ckeditor/ckeditor5-enter" "39.0.1"
    "@ckeditor/ckeditor5-paragraph" "39.0.1"
    "@ckeditor/ckeditor5-select-all" "39.0.1"
    "@ckeditor/ckeditor5-typing" "39.0.1"
    "@ckeditor/ckeditor5-ui" "39.0.1"
    "@ckeditor/ckeditor5-undo" "39.0.1"
    "@ckeditor/ckeditor5-upload" "39.0.1"
    "@ckeditor/ckeditor5-utils" "39.0.1"
    "@ckeditor/ckeditor5-watchdog" "39.0.1"
    "@ckeditor/ckeditor5-widget" "39.0.1"

ckeditor5@>=35.4.0:
  version "36.0.0"
  resolved "https://registry.yarnpkg.com/ckeditor5/-/ckeditor5-36.0.0.tgz#7076aadfc3644829962d88900d5a9febf273979a"
  integrity sha512-KcQE1d7+Lp0wlhfjPSWko/WhfZldHsVxbQ93Vmw7yRV7GXy4XNjngl/4ocbSCS2je8nzZWuT9hi0pp6bZMs4Ng==
  dependencies:
    "@ckeditor/ckeditor5-clipboard" "^36.0.0"
    "@ckeditor/ckeditor5-core" "^36.0.0"
    "@ckeditor/ckeditor5-engine" "^36.0.0"
    "@ckeditor/ckeditor5-enter" "^36.0.0"
    "@ckeditor/ckeditor5-paragraph" "^36.0.0"
    "@ckeditor/ckeditor5-select-all" "^36.0.0"
    "@ckeditor/ckeditor5-typing" "^36.0.0"
    "@ckeditor/ckeditor5-ui" "^36.0.0"
    "@ckeditor/ckeditor5-undo" "^36.0.0"
    "@ckeditor/ckeditor5-upload" "^36.0.0"
    "@ckeditor/ckeditor5-utils" "^36.0.0"
    "@ckeditor/ckeditor5-widget" "^36.0.0"

color-convert@2.0.1:
  version "2.0.1"
  resolved "https://registry.yarnpkg.com/color-convert/-/color-convert-2.0.1.tgz#72d3a68d598c9bdb3af2ad1e84f21d896abd4de3"
  integrity sha512-RRECPsj7iu/xb5oKYcsFHSppFNnsj/52OVTRKb4zP5onXwVF3zVmmToNcOfGC+CRDpfK/U584fMg38ZHCaElKQ==
  dependencies:
    color-name "~1.1.4"

color-name@^1.0.0, color-name@~1.1.4:
  version "1.1.4"
  resolved "https://registry.yarnpkg.com/color-name/-/color-name-1.1.4.tgz#c2a09a87acbde69543de6f63fa3995c826c536a2"
  integrity sha512-dOy+3AuW3a2wNbZHIuMZpTcgjGuLU/uBL/ubcZF9OXbDo8ff4O8yVp5Bf0efS8uEoYo5q4Fx7dY9OgQGXgAsQA==

color-parse@1.4.2:
  version "1.4.2"
  resolved "https://registry.yarnpkg.com/color-parse/-/color-parse-1.4.2.tgz#78651f5d34df1a57f997643d86f7f87268ad4eb5"
  integrity sha512-RI7s49/8yqDj3fECFZjUI1Yi0z/Gq1py43oNJivAIIDSyJiOZLfYCRQEgn8HEVAj++PcRe8AnL2XF0fRJ3BTnA==
  dependencies:
    color-name "^1.0.0"

deepmerge@^4.2.2:
  version "4.2.2"
  resolved "https://registry.yarnpkg.com/deepmerge/-/deepmerge-4.2.2.tgz#44d2ea3679b8f4d4ffba33f03d865fc1e7bf4955"
  integrity sha512-FJ3UgI4gIl+PHZm53knsuSFpE+nESMr7M4v9QcgB7S63Kj/6WqMiFQJpBBYz1Pt+66bZpP3Q7Lye0Oo9MPKEdg==

dom-serializer@^2.0.0:
  version "2.0.0"
  resolved "https://registry.yarnpkg.com/dom-serializer/-/dom-serializer-2.0.0.tgz#e41b802e1eedf9f6cae183ce5e622d789d7d8e53"
  integrity sha512-wIkAryiqt/nV5EQKqQpo3SToSOV9J0DnbJqwK7Wv/Trc92zIAYZ4FlMu+JPFW1DfGFt81ZTCGgDEabffXeLyJg==
  dependencies:
    domelementtype "^2.3.0"
    domhandler "^5.0.2"
    entities "^4.2.0"

domelementtype@^2.3.0:
  version "2.3.0"
  resolved "https://registry.yarnpkg.com/domelementtype/-/domelementtype-2.3.0.tgz#5c45e8e869952626331d7aab326d01daf65d589d"
  integrity sha512-OLETBj6w0OsagBwdXnPdN0cnMfF9opN69co+7ZrbfPGrdpPVNBUj02spi6B1N7wChLQiPn4CSH/zJvXw56gmHw==

domhandler@^5.0.1, domhandler@^5.0.2:
  version "5.0.3"
  resolved "https://registry.yarnpkg.com/domhandler/-/domhandler-5.0.3.tgz#cc385f7f751f1d1fc650c21374804254538c7d31"
  integrity sha512-cgwlv/1iFQiFnU96XXgROh8xTeetsnJiDsTc7TYCLFd9+/WNkIqPTxiM/8pSd8VIrhXGTf1Ny1q1hquVqDJB5w==
  dependencies:
    domelementtype "^2.3.0"

domutils@^3.0.1:
  version "3.0.1"
  resolved "https://registry.yarnpkg.com/domutils/-/domutils-3.0.1.tgz#696b3875238338cb186b6c0612bd4901c89a4f1c"
  integrity sha512-z08c1l761iKhDFtfXO04C7kTdPBLi41zwOZl00WS8b5eiaebNpY00HKbztwBq+e3vyqWNwWF3mP9YLUeqIrF+Q==
  dependencies:
    dom-serializer "^2.0.0"
    domelementtype "^2.3.0"
    domhandler "^5.0.1"

entities@^4.2.0, entities@^4.3.0:
  version "4.4.0"
  resolved "https://registry.yarnpkg.com/entities/-/entities-4.4.0.tgz#97bdaba170339446495e653cfd2db78962900174"
  integrity sha512-oYp7156SP8LkeGD0GF85ad1X9Ai79WtRsZ2gxJqtBuzH+98YUV6jkHEKlZkMbcrjJjIVJNIDP/3WL9wQkoPbWA==

escape-string-regexp@^4.0.0:
  version "4.0.0"
  resolved "https://registry.yarnpkg.com/escape-string-regexp/-/escape-string-regexp-4.0.0.tgz#14ba83a5d373e3d311e5afca29cf5bfad965bf34"
  integrity sha512-TtpcNJ3XAzx3Gq8sWRzJaVajRs0uVxA2YAkdb1jm2YkPz4G6egUFAyA3n5vtEIZefPk5Wa4UXbKuS5fKkJWdgA==

htmlparser2@^8.0.0:
  version "8.0.1"
  resolved "https://registry.yarnpkg.com/htmlparser2/-/htmlparser2-8.0.1.tgz#abaa985474fcefe269bc761a779b544d7196d010"
  integrity sha512-4lVbmc1diZC7GUJQtRQ5yBAeUCL1exyMwmForWkRLnwyzWBFxN633SALPMGYaWZvKe9j1pRZJpauvmxENSp/EA==
  dependencies:
    domelementtype "^2.3.0"
    domhandler "^5.0.2"
    domutils "^3.0.1"
    entities "^4.3.0"

is-plain-object@^5.0.0:
  version "5.0.0"
  resolved "https://registry.yarnpkg.com/is-plain-object/-/is-plain-object-5.0.0.tgz#4427f50ab3429e9025ea7d52e9043a9ef4159344"
  integrity sha512-VRSzKkbMm5jMDoKLbltAkFQ5Qr7VDiTFGXxYFXXowVj387GeGNOCsOH6Msy00SGZ3Fp84b1Naa1psqgcCIEP5Q==

"js-tokens@^3.0.0 || ^4.0.0":
  version "4.0.0"
  resolved "https://registry.yarnpkg.com/js-tokens/-/js-tokens-4.0.0.tgz#19203fb59991df98e3a287050d4647cdeaf32499"
  integrity sha512-RdJUflcE3cUzKiMqQgsCu06FPu9UdIJO0beYbPhHN4k6apgJtifcoCtT9bcxOpYBtpD2kCM6Sbzg4CausW/PKQ==

lodash-es@4.17.21, lodash-es@^4.17.11, lodash-es@^4.17.15:
  version "4.17.21"
  resolved "https://registry.yarnpkg.com/lodash-es/-/lodash-es-4.17.21.tgz#43e626c46e6591b7750beb2b50117390c609e3ee"
  integrity sha512-mKnC+QJ9pWVzv+C4/U3rRsHapFfHvQFoFB92e52xeyGMcX6/OlIl78je1u8vePzYZSkkogMPJ2yjxxsb89cxyw==

loose-envify@^1.4.0:
  version "1.4.0"
  resolved "https://registry.yarnpkg.com/loose-envify/-/loose-envify-1.4.0.tgz#71ee51fa7be4caec1a63839f7e682d8132d30caf"
  integrity sha512-lyuxPGr/Wfhrlem2CL/UcnUc1zcqKAImBDzukY7Y5F/yQiNdko6+fRLevlw1HgMySw7f611UIY408EtxRSoK3Q==
  dependencies:
    js-tokens "^3.0.0 || ^4.0.0"

nanoid@^3.3.4:
  version "3.3.4"
  resolved "https://registry.yarnpkg.com/nanoid/-/nanoid-3.3.4.tgz#730b67e3cd09e2deacf03c027c81c9d9dbc5e8ab"
  integrity sha512-MqBkQh/OHTS2egovRtLk45wEyNXwF+cokD+1YPf9u5VfJiRdAiRwB2froX5Co9Rh20xs4siNPm8naNotSD6RBw==

object-assign@^4.1.1:
  version "4.1.1"
  resolved "https://registry.yarnpkg.com/object-assign/-/object-assign-4.1.1.tgz#2109adc7965887cfc05cbbd442cac8bfbb360863"
  integrity sha512-rJgTQnkUnH1sFw8yT6VSU3zD3sWmu6sZhIseY8VX+GRu3P6F7Fu+JNDoXfklElbLJSnc3FUQHVe4cU5hj+BcUg==

parse-srcset@^1.0.2:
  version "1.0.2"
  resolved "https://registry.yarnpkg.com/parse-srcset/-/parse-srcset-1.0.2.tgz#f2bd221f6cc970a938d88556abc589caaaa2bde1"
  integrity sha512-/2qh0lav6CmI15FzA3i/2Bzk2zCgQhGMkvhOhKNcBVQ1ldgpbfiNTVslmooUmWJcADi1f1kIeynbDRVzNlfR6Q==

picocolors@^1.0.0:
  version "1.0.0"
  resolved "https://registry.yarnpkg.com/picocolors/-/picocolors-1.0.0.tgz#cb5bdc74ff3f51892236eaf79d68bc44564ab81c"
  integrity sha512-1fygroTLlHu66zi26VoTDv8yRgm0Fccecssto+MhsZ0D/DGW2sm8E8AjW7NU5VVTRt5GxbeZ5qBuJr+HyLYkjQ==

postcss@^8.3.11:
  version "8.4.21"
  resolved "https://registry.yarnpkg.com/postcss/-/postcss-8.4.21.tgz#c639b719a57efc3187b13a1d765675485f4134f4"
  integrity sha512-tP7u/Sn/dVxK2NnruI4H9BG+x+Wxz6oeZ1cJ8P6G/PZY0IKk4k/63TDsQf2kQq3+qoJeLm2kIBUNlZe3zgb4Zg==
  dependencies:
    nanoid "^3.3.4"
    picocolors "^1.0.0"
    source-map-js "^1.0.2"

prop-types@^15.7.2:
  version "15.8.1"
  resolved "https://registry.yarnpkg.com/prop-types/-/prop-types-15.8.1.tgz#67d87bf1a694f48435cf332c24af10214a3140b5"
  integrity sha512-oj87CgZICdulUohogVAR7AjlC0327U4el4L6eAvOqCeudMDVU0NThNaV+b9Df4dXgSP1gXMTnPdhfe/2qDH5cg==
  dependencies:
    loose-envify "^1.4.0"
    object-assign "^4.1.1"
    react-is "^16.13.1"

react-is@^16.13.1:
  version "16.13.1"
  resolved "https://registry.yarnpkg.com/react-is/-/react-is-16.13.1.tgz#789729a4dc36de2999dc156dd6c1d9c18cea56a4"
  integrity sha512-24e6ynE2H+OKt4kqsOvNd8kBpV65zoxbA4BVsEOB3ARVWQki/DHzaUoC5KuON/BiccDaCCTZBuOcfZs70kR8bQ==

sanitize-html@^2.8.1:
  version "2.8.1"
  resolved "https://registry.yarnpkg.com/sanitize-html/-/sanitize-html-2.8.1.tgz#319c4fdba67e1edf35b1fd6d9362210044826d47"
  integrity sha512-qK5neD0SaMxGwVv5txOYv05huC3o6ZAA4h5+7nJJgWMNFUNRjcjLO6FpwAtKzfKCZ0jrG6xTk6eVFskbvOGblg==
  dependencies:
    deepmerge "^4.2.2"
    escape-string-regexp "^4.0.0"
    htmlparser2 "^8.0.0"
    is-plain-object "^5.0.0"
    parse-srcset "^1.0.2"
    postcss "^8.3.11"

source-map-js@^1.0.2:
  version "1.0.2"
  resolved "https://registry.yarnpkg.com/source-map-js/-/source-map-js-1.0.2.tgz#adbc361d9c62df380125e7f161f71c826f1e490c"
  integrity sha512-R0XvVJ9WusLiqTCEiGCmICCMplcCkIwwR11mOSD9CR5u+IXYdiseeEuXCVAjS54zqwkLcPNnmU4OeJ6tUrWhDw==

vanilla-colorful@0.7.2:
  version "0.7.2"
  resolved "https://registry.yarnpkg.com/vanilla-colorful/-/vanilla-colorful-0.7.2.tgz#3fb1f4b9f15b797e20fd1ce8e0364f33b073f4a2"
  integrity sha512-z2YZusTFC6KnLERx1cgoIRX2CjPRP0W75N+3CC6gbvdX5Ch47rZkEMGO2Xnf+IEmi3RiFLxS18gayMA27iU7Kg==
